{
  "version": 4,
  "terraform_version": "0.12.16",
  "serial": 344,
  "lineage": "c2bf87c5-6a23-f2eb-2ff6-3ec152eed3c0",
  "outputs": {},
  "resources": [
    {
      "mode": "data",
      "type": "template_file",
      "name": "metadata-home-k8s-controller-0",
      "provider": "provider.template",
      "instances": [
        {
          "schema_version": 0,
          "attributes": {
            "filename": null,
            "id": "6b9ced757e344bb70e2e1a4fc31dd259751911bedef820fce3182210c39e32e7",
            "rendered": "instance-id: home-k8s-controller-0\nlocal-hostname: home-k8s-controller-0",
            "template": "instance-id: home-k8s-controller-0\nlocal-hostname: home-k8s-controller-0",
            "vars": null
          }
        }
      ]
    },
    {
      "mode": "data",
      "type": "template_file",
      "name": "metadata-home-k8s-controller-1",
      "provider": "provider.template",
      "instances": [
        {
          "schema_version": 0,
          "attributes": {
            "filename": null,
            "id": "1780aba6c1d947df3e2229cad29fbb3b3ce5a7f0ff7f20c9a7543441d2f51b70",
            "rendered": "instance-id: home-k8s-controller-1\nlocal-hostname: home-k8s-controller-1",
            "template": "instance-id: home-k8s-controller-1\nlocal-hostname: home-k8s-controller-1",
            "vars": null
          }
        }
      ]
    },
    {
      "mode": "data",
      "type": "template_file",
      "name": "metadata-home-k8s-controller-2",
      "provider": "provider.template",
      "instances": [
        {
          "schema_version": 0,
          "attributes": {
            "filename": null,
            "id": "a95e1dffe907f646684cc272518e0fa2c9cea531d41854b48acfc80e57f63424",
            "rendered": "instance-id: home-k8s-controller-2\nlocal-hostname: home-k8s-controller-2",
            "template": "instance-id: home-k8s-controller-2\nlocal-hostname: home-k8s-controller-2",
            "vars": null
          }
        }
      ]
    },
    {
      "mode": "data",
      "type": "template_file",
      "name": "metadata-home-k8s-worker-generic-0",
      "provider": "provider.template",
      "instances": [
        {
          "schema_version": 0,
          "attributes": {
            "filename": null,
            "id": "57574add175e0ca18b75a99bae5bb31cb65650bc796d908ea0332b47e09e2295",
            "rendered": "instance-id: home-k8s-worker-generic-0\nlocal-hostname: home-k8s-worker-generic-0",
            "template": "instance-id: home-k8s-worker-generic-0\nlocal-hostname: home-k8s-worker-generic-0",
            "vars": null
          }
        }
      ]
    },
    {
      "mode": "data",
      "type": "template_file",
      "name": "metadata-home-k8s-worker-generic-1",
      "provider": "provider.template",
      "instances": [
        {
          "schema_version": 0,
          "attributes": {
            "filename": null,
            "id": "c8328f52365e4bd0742a97d760dbd6a3001cbb59210c635cbb1365ab14448dc9",
            "rendered": "instance-id: home-k8s-worker-generic-1\nlocal-hostname: home-k8s-worker-generic-1",
            "template": "instance-id: home-k8s-worker-generic-1\nlocal-hostname: home-k8s-worker-generic-1",
            "vars": null
          }
        }
      ]
    },
    {
      "mode": "data",
      "type": "template_file",
      "name": "metadata-home-k8s-worker-generic-2",
      "provider": "provider.template",
      "instances": [
        {
          "schema_version": 0,
          "attributes": {
            "filename": null,
            "id": "d4d25f9fd5664ce444c4d932eb95e649233d80191b76b353edc06692b810b2fd",
            "rendered": "instance-id: home-k8s-worker-generic-2\nlocal-hostname: home-k8s-worker-generic-2",
            "template": "instance-id: home-k8s-worker-generic-2\nlocal-hostname: home-k8s-worker-generic-2",
            "vars": null
          }
        }
      ]
    },
    {
      "mode": "data",
      "type": "template_file",
      "name": "metadata-home-lb-dns-0",
      "provider": "provider.template",
      "instances": [
        {
          "schema_version": 0,
          "attributes": {
            "filename": null,
            "id": "a16766bf14f25453b1024b976999315be3a2796623de01b20cd3af8bf582b8dc",
            "rendered": "instance-id: home-lb-dns-0\nlocal-hostname: home-lb-dns-0",
            "template": "instance-id: home-lb-dns-0\nlocal-hostname: home-lb-dns-0",
            "vars": null
          }
        }
      ]
    },
    {
      "mode": "data",
      "type": "template_file",
      "name": "metadata-home-mirror-0",
      "provider": "provider.template",
      "instances": [
        {
          "schema_version": 0,
          "attributes": {
            "filename": null,
            "id": "51a88b6e8a8bc507b1e83f12e2685a5daa272d455f0a387551e566029702fe54",
            "rendered": "instance-id: home-mirror-0\nlocal-hostname: home-mirror-0",
            "template": "instance-id: home-mirror-0\nlocal-hostname: home-mirror-0",
            "vars": null
          }
        }
      ]
    },
    {
      "mode": "data",
      "type": "template_file",
      "name": "metadata-home-registry-0",
      "provider": "provider.template",
      "instances": [
        {
          "schema_version": 0,
          "attributes": {
            "filename": null,
            "id": "1df50af17db7c252b67570c33abc24378cf73abdfafcfbd67d1d3adeb5b41b5e",
            "rendered": "instance-id: home-registry-0\nlocal-hostname: home-registry-0",
            "template": "instance-id: home-registry-0\nlocal-hostname: home-registry-0",
            "vars": null
          }
        }
      ]
    },
    {
      "mode": "data",
      "type": "template_file",
      "name": "userdata-home-k8s-controller-0",
      "provider": "provider.template",
      "instances": [
        {
          "schema_version": 0,
          "attributes": {
            "filename": null,
            "id": "48df72926a3552876cb9295d275a26c3e71bcc424c13a13978d24a91d4d64e16",
            "rendered": "#cloud-config\ngrowpart:\n  mode: auto\n  devices: ['/']\nssh_pwauth: False\nssh_authorized_keys:\n    - ssh-rsa AAAAB3NzaC1yc2EAAAADAQABAAABAQC6riKTFW2LA1d8b0OE95mFckEoRO/aysuWNsb54vgNlmKHk3lOk5aRGLgp7IdvueYaFedVwHaGb16frIXf2o3iQsQExj3zU5UNfOSzHOtCg/SLHV1hyd1UWT8p5AGKfs7OST0Bec7EN++gUQnbY5z8d6kwoVA8K1aJKYdetdkhprHJcYROitFFvSG151P0gXCGvO9LrCglYki2WGVzzBIL6IxDcGgloYmVJwUJ7mjnHNDM5ZYVonLE5c/0KgPJiQ2YiRM4usGbf2LvI0yKnKjJxcKQUVkzv55hx8f5DuWpnKHc3wYpE/kAcCEu0NT5SD+48GaFT+fSJyldVXsETIAx marko@skynet",
            "template": "#cloud-config\ngrowpart:\n  mode: auto\n  devices: ['/']\nssh_pwauth: False\nssh_authorized_keys:\n    - ssh-rsa AAAAB3NzaC1yc2EAAAADAQABAAABAQC6riKTFW2LA1d8b0OE95mFckEoRO/aysuWNsb54vgNlmKHk3lOk5aRGLgp7IdvueYaFedVwHaGb16frIXf2o3iQsQExj3zU5UNfOSzHOtCg/SLHV1hyd1UWT8p5AGKfs7OST0Bec7EN++gUQnbY5z8d6kwoVA8K1aJKYdetdkhprHJcYROitFFvSG151P0gXCGvO9LrCglYki2WGVzzBIL6IxDcGgloYmVJwUJ7mjnHNDM5ZYVonLE5c/0KgPJiQ2YiRM4usGbf2LvI0yKnKjJxcKQUVkzv55hx8f5DuWpnKHc3wYpE/kAcCEu0NT5SD+48GaFT+fSJyldVXsETIAx marko@skynet",
            "vars": null
          }
        }
      ]
    },
    {
      "mode": "data",
      "type": "template_file",
      "name": "userdata-home-k8s-controller-1",
      "provider": "provider.template",
      "instances": [
        {
          "schema_version": 0,
          "attributes": {
            "filename": null,
            "id": "48df72926a3552876cb9295d275a26c3e71bcc424c13a13978d24a91d4d64e16",
            "rendered": "#cloud-config\ngrowpart:\n  mode: auto\n  devices: ['/']\nssh_pwauth: False\nssh_authorized_keys:\n    - ssh-rsa AAAAB3NzaC1yc2EAAAADAQABAAABAQC6riKTFW2LA1d8b0OE95mFckEoRO/aysuWNsb54vgNlmKHk3lOk5aRGLgp7IdvueYaFedVwHaGb16frIXf2o3iQsQExj3zU5UNfOSzHOtCg/SLHV1hyd1UWT8p5AGKfs7OST0Bec7EN++gUQnbY5z8d6kwoVA8K1aJKYdetdkhprHJcYROitFFvSG151P0gXCGvO9LrCglYki2WGVzzBIL6IxDcGgloYmVJwUJ7mjnHNDM5ZYVonLE5c/0KgPJiQ2YiRM4usGbf2LvI0yKnKjJxcKQUVkzv55hx8f5DuWpnKHc3wYpE/kAcCEu0NT5SD+48GaFT+fSJyldVXsETIAx marko@skynet",
            "template": "#cloud-config\ngrowpart:\n  mode: auto\n  devices: ['/']\nssh_pwauth: False\nssh_authorized_keys:\n    - ssh-rsa AAAAB3NzaC1yc2EAAAADAQABAAABAQC6riKTFW2LA1d8b0OE95mFckEoRO/aysuWNsb54vgNlmKHk3lOk5aRGLgp7IdvueYaFedVwHaGb16frIXf2o3iQsQExj3zU5UNfOSzHOtCg/SLHV1hyd1UWT8p5AGKfs7OST0Bec7EN++gUQnbY5z8d6kwoVA8K1aJKYdetdkhprHJcYROitFFvSG151P0gXCGvO9LrCglYki2WGVzzBIL6IxDcGgloYmVJwUJ7mjnHNDM5ZYVonLE5c/0KgPJiQ2YiRM4usGbf2LvI0yKnKjJxcKQUVkzv55hx8f5DuWpnKHc3wYpE/kAcCEu0NT5SD+48GaFT+fSJyldVXsETIAx marko@skynet",
            "vars": null
          }
        }
      ]
    },
    {
      "mode": "data",
      "type": "template_file",
      "name": "userdata-home-k8s-controller-2",
      "provider": "provider.template",
      "instances": [
        {
          "schema_version": 0,
          "attributes": {
            "filename": null,
            "id": "48df72926a3552876cb9295d275a26c3e71bcc424c13a13978d24a91d4d64e16",
            "rendered": "#cloud-config\ngrowpart:\n  mode: auto\n  devices: ['/']\nssh_pwauth: False\nssh_authorized_keys:\n    - ssh-rsa AAAAB3NzaC1yc2EAAAADAQABAAABAQC6riKTFW2LA1d8b0OE95mFckEoRO/aysuWNsb54vgNlmKHk3lOk5aRGLgp7IdvueYaFedVwHaGb16frIXf2o3iQsQExj3zU5UNfOSzHOtCg/SLHV1hyd1UWT8p5AGKfs7OST0Bec7EN++gUQnbY5z8d6kwoVA8K1aJKYdetdkhprHJcYROitFFvSG151P0gXCGvO9LrCglYki2WGVzzBIL6IxDcGgloYmVJwUJ7mjnHNDM5ZYVonLE5c/0KgPJiQ2YiRM4usGbf2LvI0yKnKjJxcKQUVkzv55hx8f5DuWpnKHc3wYpE/kAcCEu0NT5SD+48GaFT+fSJyldVXsETIAx marko@skynet",
            "template": "#cloud-config\ngrowpart:\n  mode: auto\n  devices: ['/']\nssh_pwauth: False\nssh_authorized_keys:\n    - ssh-rsa AAAAB3NzaC1yc2EAAAADAQABAAABAQC6riKTFW2LA1d8b0OE95mFckEoRO/aysuWNsb54vgNlmKHk3lOk5aRGLgp7IdvueYaFedVwHaGb16frIXf2o3iQsQExj3zU5UNfOSzHOtCg/SLHV1hyd1UWT8p5AGKfs7OST0Bec7EN++gUQnbY5z8d6kwoVA8K1aJKYdetdkhprHJcYROitFFvSG151P0gXCGvO9LrCglYki2WGVzzBIL6IxDcGgloYmVJwUJ7mjnHNDM5ZYVonLE5c/0KgPJiQ2YiRM4usGbf2LvI0yKnKjJxcKQUVkzv55hx8f5DuWpnKHc3wYpE/kAcCEu0NT5SD+48GaFT+fSJyldVXsETIAx marko@skynet",
            "vars": null
          }
        }
      ]
    },
    {
      "mode": "data",
      "type": "template_file",
      "name": "userdata-home-k8s-worker-generic-0",
      "provider": "provider.template",
      "instances": [
        {
          "schema_version": 0,
          "attributes": {
            "filename": null,
            "id": "48df72926a3552876cb9295d275a26c3e71bcc424c13a13978d24a91d4d64e16",
            "rendered": "#cloud-config\ngrowpart:\n  mode: auto\n  devices: ['/']\nssh_pwauth: False\nssh_authorized_keys:\n    - ssh-rsa AAAAB3NzaC1yc2EAAAADAQABAAABAQC6riKTFW2LA1d8b0OE95mFckEoRO/aysuWNsb54vgNlmKHk3lOk5aRGLgp7IdvueYaFedVwHaGb16frIXf2o3iQsQExj3zU5UNfOSzHOtCg/SLHV1hyd1UWT8p5AGKfs7OST0Bec7EN++gUQnbY5z8d6kwoVA8K1aJKYdetdkhprHJcYROitFFvSG151P0gXCGvO9LrCglYki2WGVzzBIL6IxDcGgloYmVJwUJ7mjnHNDM5ZYVonLE5c/0KgPJiQ2YiRM4usGbf2LvI0yKnKjJxcKQUVkzv55hx8f5DuWpnKHc3wYpE/kAcCEu0NT5SD+48GaFT+fSJyldVXsETIAx marko@skynet",
            "template": "#cloud-config\ngrowpart:\n  mode: auto\n  devices: ['/']\nssh_pwauth: False\nssh_authorized_keys:\n    - ssh-rsa AAAAB3NzaC1yc2EAAAADAQABAAABAQC6riKTFW2LA1d8b0OE95mFckEoRO/aysuWNsb54vgNlmKHk3lOk5aRGLgp7IdvueYaFedVwHaGb16frIXf2o3iQsQExj3zU5UNfOSzHOtCg/SLHV1hyd1UWT8p5AGKfs7OST0Bec7EN++gUQnbY5z8d6kwoVA8K1aJKYdetdkhprHJcYROitFFvSG151P0gXCGvO9LrCglYki2WGVzzBIL6IxDcGgloYmVJwUJ7mjnHNDM5ZYVonLE5c/0KgPJiQ2YiRM4usGbf2LvI0yKnKjJxcKQUVkzv55hx8f5DuWpnKHc3wYpE/kAcCEu0NT5SD+48GaFT+fSJyldVXsETIAx marko@skynet",
            "vars": null
          }
        }
      ]
    },
    {
      "mode": "data",
      "type": "template_file",
      "name": "userdata-home-k8s-worker-generic-1",
      "provider": "provider.template",
      "instances": [
        {
          "schema_version": 0,
          "attributes": {
            "filename": null,
            "id": "48df72926a3552876cb9295d275a26c3e71bcc424c13a13978d24a91d4d64e16",
            "rendered": "#cloud-config\ngrowpart:\n  mode: auto\n  devices: ['/']\nssh_pwauth: False\nssh_authorized_keys:\n    - ssh-rsa AAAAB3NzaC1yc2EAAAADAQABAAABAQC6riKTFW2LA1d8b0OE95mFckEoRO/aysuWNsb54vgNlmKHk3lOk5aRGLgp7IdvueYaFedVwHaGb16frIXf2o3iQsQExj3zU5UNfOSzHOtCg/SLHV1hyd1UWT8p5AGKfs7OST0Bec7EN++gUQnbY5z8d6kwoVA8K1aJKYdetdkhprHJcYROitFFvSG151P0gXCGvO9LrCglYki2WGVzzBIL6IxDcGgloYmVJwUJ7mjnHNDM5ZYVonLE5c/0KgPJiQ2YiRM4usGbf2LvI0yKnKjJxcKQUVkzv55hx8f5DuWpnKHc3wYpE/kAcCEu0NT5SD+48GaFT+fSJyldVXsETIAx marko@skynet",
            "template": "#cloud-config\ngrowpart:\n  mode: auto\n  devices: ['/']\nssh_pwauth: False\nssh_authorized_keys:\n    - ssh-rsa AAAAB3NzaC1yc2EAAAADAQABAAABAQC6riKTFW2LA1d8b0OE95mFckEoRO/aysuWNsb54vgNlmKHk3lOk5aRGLgp7IdvueYaFedVwHaGb16frIXf2o3iQsQExj3zU5UNfOSzHOtCg/SLHV1hyd1UWT8p5AGKfs7OST0Bec7EN++gUQnbY5z8d6kwoVA8K1aJKYdetdkhprHJcYROitFFvSG151P0gXCGvO9LrCglYki2WGVzzBIL6IxDcGgloYmVJwUJ7mjnHNDM5ZYVonLE5c/0KgPJiQ2YiRM4usGbf2LvI0yKnKjJxcKQUVkzv55hx8f5DuWpnKHc3wYpE/kAcCEu0NT5SD+48GaFT+fSJyldVXsETIAx marko@skynet",
            "vars": null
          }
        }
      ]
    },
    {
      "mode": "data",
      "type": "template_file",
      "name": "userdata-home-k8s-worker-generic-2",
      "provider": "provider.template",
      "instances": [
        {
          "schema_version": 0,
          "attributes": {
            "filename": null,
            "id": "48df72926a3552876cb9295d275a26c3e71bcc424c13a13978d24a91d4d64e16",
            "rendered": "#cloud-config\ngrowpart:\n  mode: auto\n  devices: ['/']\nssh_pwauth: False\nssh_authorized_keys:\n    - ssh-rsa AAAAB3NzaC1yc2EAAAADAQABAAABAQC6riKTFW2LA1d8b0OE95mFckEoRO/aysuWNsb54vgNlmKHk3lOk5aRGLgp7IdvueYaFedVwHaGb16frIXf2o3iQsQExj3zU5UNfOSzHOtCg/SLHV1hyd1UWT8p5AGKfs7OST0Bec7EN++gUQnbY5z8d6kwoVA8K1aJKYdetdkhprHJcYROitFFvSG151P0gXCGvO9LrCglYki2WGVzzBIL6IxDcGgloYmVJwUJ7mjnHNDM5ZYVonLE5c/0KgPJiQ2YiRM4usGbf2LvI0yKnKjJxcKQUVkzv55hx8f5DuWpnKHc3wYpE/kAcCEu0NT5SD+48GaFT+fSJyldVXsETIAx marko@skynet",
            "template": "#cloud-config\ngrowpart:\n  mode: auto\n  devices: ['/']\nssh_pwauth: False\nssh_authorized_keys:\n    - ssh-rsa AAAAB3NzaC1yc2EAAAADAQABAAABAQC6riKTFW2LA1d8b0OE95mFckEoRO/aysuWNsb54vgNlmKHk3lOk5aRGLgp7IdvueYaFedVwHaGb16frIXf2o3iQsQExj3zU5UNfOSzHOtCg/SLHV1hyd1UWT8p5AGKfs7OST0Bec7EN++gUQnbY5z8d6kwoVA8K1aJKYdetdkhprHJcYROitFFvSG151P0gXCGvO9LrCglYki2WGVzzBIL6IxDcGgloYmVJwUJ7mjnHNDM5ZYVonLE5c/0KgPJiQ2YiRM4usGbf2LvI0yKnKjJxcKQUVkzv55hx8f5DuWpnKHc3wYpE/kAcCEu0NT5SD+48GaFT+fSJyldVXsETIAx marko@skynet",
            "vars": null
          }
        }
      ]
    },
    {
      "mode": "data",
      "type": "template_file",
      "name": "userdata-home-lb-dns-0",
      "provider": "provider.template",
      "instances": [
        {
          "schema_version": 0,
          "attributes": {
            "filename": null,
            "id": "48df72926a3552876cb9295d275a26c3e71bcc424c13a13978d24a91d4d64e16",
            "rendered": "#cloud-config\ngrowpart:\n  mode: auto\n  devices: ['/']\nssh_pwauth: False\nssh_authorized_keys:\n    - ssh-rsa AAAAB3NzaC1yc2EAAAADAQABAAABAQC6riKTFW2LA1d8b0OE95mFckEoRO/aysuWNsb54vgNlmKHk3lOk5aRGLgp7IdvueYaFedVwHaGb16frIXf2o3iQsQExj3zU5UNfOSzHOtCg/SLHV1hyd1UWT8p5AGKfs7OST0Bec7EN++gUQnbY5z8d6kwoVA8K1aJKYdetdkhprHJcYROitFFvSG151P0gXCGvO9LrCglYki2WGVzzBIL6IxDcGgloYmVJwUJ7mjnHNDM5ZYVonLE5c/0KgPJiQ2YiRM4usGbf2LvI0yKnKjJxcKQUVkzv55hx8f5DuWpnKHc3wYpE/kAcCEu0NT5SD+48GaFT+fSJyldVXsETIAx marko@skynet",
            "template": "#cloud-config\ngrowpart:\n  mode: auto\n  devices: ['/']\nssh_pwauth: False\nssh_authorized_keys:\n    - ssh-rsa AAAAB3NzaC1yc2EAAAADAQABAAABAQC6riKTFW2LA1d8b0OE95mFckEoRO/aysuWNsb54vgNlmKHk3lOk5aRGLgp7IdvueYaFedVwHaGb16frIXf2o3iQsQExj3zU5UNfOSzHOtCg/SLHV1hyd1UWT8p5AGKfs7OST0Bec7EN++gUQnbY5z8d6kwoVA8K1aJKYdetdkhprHJcYROitFFvSG151P0gXCGvO9LrCglYki2WGVzzBIL6IxDcGgloYmVJwUJ7mjnHNDM5ZYVonLE5c/0KgPJiQ2YiRM4usGbf2LvI0yKnKjJxcKQUVkzv55hx8f5DuWpnKHc3wYpE/kAcCEu0NT5SD+48GaFT+fSJyldVXsETIAx marko@skynet",
            "vars": null
          }
        }
      ]
    },
    {
      "mode": "data",
      "type": "template_file",
      "name": "userdata-home-mirror-0",
      "provider": "provider.template",
      "instances": [
        {
          "schema_version": 0,
          "attributes": {
            "filename": null,
            "id": "48df72926a3552876cb9295d275a26c3e71bcc424c13a13978d24a91d4d64e16",
            "rendered": "#cloud-config\ngrowpart:\n  mode: auto\n  devices: ['/']\nssh_pwauth: False\nssh_authorized_keys:\n    - ssh-rsa AAAAB3NzaC1yc2EAAAADAQABAAABAQC6riKTFW2LA1d8b0OE95mFckEoRO/aysuWNsb54vgNlmKHk3lOk5aRGLgp7IdvueYaFedVwHaGb16frIXf2o3iQsQExj3zU5UNfOSzHOtCg/SLHV1hyd1UWT8p5AGKfs7OST0Bec7EN++gUQnbY5z8d6kwoVA8K1aJKYdetdkhprHJcYROitFFvSG151P0gXCGvO9LrCglYki2WGVzzBIL6IxDcGgloYmVJwUJ7mjnHNDM5ZYVonLE5c/0KgPJiQ2YiRM4usGbf2LvI0yKnKjJxcKQUVkzv55hx8f5DuWpnKHc3wYpE/kAcCEu0NT5SD+48GaFT+fSJyldVXsETIAx marko@skynet",
            "template": "#cloud-config\ngrowpart:\n  mode: auto\n  devices: ['/']\nssh_pwauth: False\nssh_authorized_keys:\n    - ssh-rsa AAAAB3NzaC1yc2EAAAADAQABAAABAQC6riKTFW2LA1d8b0OE95mFckEoRO/aysuWNsb54vgNlmKHk3lOk5aRGLgp7IdvueYaFedVwHaGb16frIXf2o3iQsQExj3zU5UNfOSzHOtCg/SLHV1hyd1UWT8p5AGKfs7OST0Bec7EN++gUQnbY5z8d6kwoVA8K1aJKYdetdkhprHJcYROitFFvSG151P0gXCGvO9LrCglYki2WGVzzBIL6IxDcGgloYmVJwUJ7mjnHNDM5ZYVonLE5c/0KgPJiQ2YiRM4usGbf2LvI0yKnKjJxcKQUVkzv55hx8f5DuWpnKHc3wYpE/kAcCEu0NT5SD+48GaFT+fSJyldVXsETIAx marko@skynet",
            "vars": null
          }
        }
      ]
    },
    {
      "mode": "data",
      "type": "template_file",
      "name": "userdata-home-registry-0",
      "provider": "provider.template",
      "instances": [
        {
          "schema_version": 0,
          "attributes": {
            "filename": null,
            "id": "48df72926a3552876cb9295d275a26c3e71bcc424c13a13978d24a91d4d64e16",
            "rendered": "#cloud-config\ngrowpart:\n  mode: auto\n  devices: ['/']\nssh_pwauth: False\nssh_authorized_keys:\n    - ssh-rsa AAAAB3NzaC1yc2EAAAADAQABAAABAQC6riKTFW2LA1d8b0OE95mFckEoRO/aysuWNsb54vgNlmKHk3lOk5aRGLgp7IdvueYaFedVwHaGb16frIXf2o3iQsQExj3zU5UNfOSzHOtCg/SLHV1hyd1UWT8p5AGKfs7OST0Bec7EN++gUQnbY5z8d6kwoVA8K1aJKYdetdkhprHJcYROitFFvSG151P0gXCGvO9LrCglYki2WGVzzBIL6IxDcGgloYmVJwUJ7mjnHNDM5ZYVonLE5c/0KgPJiQ2YiRM4usGbf2LvI0yKnKjJxcKQUVkzv55hx8f5DuWpnKHc3wYpE/kAcCEu0NT5SD+48GaFT+fSJyldVXsETIAx marko@skynet",
            "template": "#cloud-config\ngrowpart:\n  mode: auto\n  devices: ['/']\nssh_pwauth: False\nssh_authorized_keys:\n    - ssh-rsa AAAAB3NzaC1yc2EAAAADAQABAAABAQC6riKTFW2LA1d8b0OE95mFckEoRO/aysuWNsb54vgNlmKHk3lOk5aRGLgp7IdvueYaFedVwHaGb16frIXf2o3iQsQExj3zU5UNfOSzHOtCg/SLHV1hyd1UWT8p5AGKfs7OST0Bec7EN++gUQnbY5z8d6kwoVA8K1aJKYdetdkhprHJcYROitFFvSG151P0gXCGvO9LrCglYki2WGVzzBIL6IxDcGgloYmVJwUJ7mjnHNDM5ZYVonLE5c/0KgPJiQ2YiRM4usGbf2LvI0yKnKjJxcKQUVkzv55hx8f5DuWpnKHc3wYpE/kAcCEu0NT5SD+48GaFT+fSJyldVXsETIAx marko@skynet",
            "vars": null
          }
        }
      ]
    },
    {
      "mode": "managed",
      "type": "libvirt_cloudinit_disk",
      "name": "home-k8s-controller-0-cloudinit",
      "provider": "provider.libvirt",
      "instances": [
        {
          "schema_version": 0,
          "attributes": {
            "id": "/var/lib/libvirt/images/disk-drives/home-k8s-controller-0-cloudinit.iso;5de22447-1bde-26ab-4881-4370ae922acd",
            "meta_data": "instance-id: home-k8s-controller-0\nlocal-hostname: home-k8s-controller-0",
            "name": "home-k8s-controller-0-cloudinit.iso",
            "network_config": "",
            "pool": "disk-drives",
            "user_data": "#cloud-config\ngrowpart:\n  mode: auto\n  devices: ['/']\nssh_pwauth: False\nssh_authorized_keys:\n    - ssh-rsa AAAAB3NzaC1yc2EAAAADAQABAAABAQC6riKTFW2LA1d8b0OE95mFckEoRO/aysuWNsb54vgNlmKHk3lOk5aRGLgp7IdvueYaFedVwHaGb16frIXf2o3iQsQExj3zU5UNfOSzHOtCg/SLHV1hyd1UWT8p5AGKfs7OST0Bec7EN++gUQnbY5z8d6kwoVA8K1aJKYdetdkhprHJcYROitFFvSG151P0gXCGvO9LrCglYki2WGVzzBIL6IxDcGgloYmVJwUJ7mjnHNDM5ZYVonLE5c/0KgPJiQ2YiRM4usGbf2LvI0yKnKjJxcKQUVkzv55hx8f5DuWpnKHc3wYpE/kAcCEu0NT5SD+48GaFT+fSJyldVXsETIAx marko@skynet"
          },
          "private": "bnVsbA=="
        }
      ]
    },
    {
      "mode": "managed",
      "type": "libvirt_cloudinit_disk",
      "name": "home-k8s-controller-1-cloudinit",
      "provider": "provider.libvirt",
      "instances": [
        {
          "schema_version": 0,
          "attributes": {
            "id": "/var/lib/libvirt/images/disk-drives/home-k8s-controller-1-cloudinit.iso;5de224b7-5861-e76a-cc01-09825db92574",
            "meta_data": "instance-id: home-k8s-controller-1\nlocal-hostname: home-k8s-controller-1",
            "name": "home-k8s-controller-1-cloudinit.iso",
            "network_config": "",
            "pool": "disk-drives",
            "user_data": "#cloud-config\ngrowpart:\n  mode: auto\n  devices: ['/']\nssh_pwauth: False\nssh_authorized_keys:\n    - ssh-rsa AAAAB3NzaC1yc2EAAAADAQABAAABAQC6riKTFW2LA1d8b0OE95mFckEoRO/aysuWNsb54vgNlmKHk3lOk5aRGLgp7IdvueYaFedVwHaGb16frIXf2o3iQsQExj3zU5UNfOSzHOtCg/SLHV1hyd1UWT8p5AGKfs7OST0Bec7EN++gUQnbY5z8d6kwoVA8K1aJKYdetdkhprHJcYROitFFvSG151P0gXCGvO9LrCglYki2WGVzzBIL6IxDcGgloYmVJwUJ7mjnHNDM5ZYVonLE5c/0KgPJiQ2YiRM4usGbf2LvI0yKnKjJxcKQUVkzv55hx8f5DuWpnKHc3wYpE/kAcCEu0NT5SD+48GaFT+fSJyldVXsETIAx marko@skynet"
          },
          "private": "bnVsbA=="
        }
      ]
    },
    {
      "mode": "managed",
      "type": "libvirt_cloudinit_disk",
      "name": "home-k8s-controller-2-cloudinit",
      "provider": "provider.libvirt",
      "instances": [
        {
          "schema_version": 0,
          "attributes": {
            "id": "/var/lib/libvirt/images/disk-drives/home-k8s-controller-2-cloudinit.iso;5de224b7-e8f5-9b2e-e96c-a3c31417a4dc",
            "meta_data": "instance-id: home-k8s-controller-2\nlocal-hostname: home-k8s-controller-2",
            "name": "home-k8s-controller-2-cloudinit.iso",
            "network_config": "",
            "pool": "disk-drives",
            "user_data": "#cloud-config\ngrowpart:\n  mode: auto\n  devices: ['/']\nssh_pwauth: False\nssh_authorized_keys:\n    - ssh-rsa AAAAB3NzaC1yc2EAAAADAQABAAABAQC6riKTFW2LA1d8b0OE95mFckEoRO/aysuWNsb54vgNlmKHk3lOk5aRGLgp7IdvueYaFedVwHaGb16frIXf2o3iQsQExj3zU5UNfOSzHOtCg/SLHV1hyd1UWT8p5AGKfs7OST0Bec7EN++gUQnbY5z8d6kwoVA8K1aJKYdetdkhprHJcYROitFFvSG151P0gXCGvO9LrCglYki2WGVzzBIL6IxDcGgloYmVJwUJ7mjnHNDM5ZYVonLE5c/0KgPJiQ2YiRM4usGbf2LvI0yKnKjJxcKQUVkzv55hx8f5DuWpnKHc3wYpE/kAcCEu0NT5SD+48GaFT+fSJyldVXsETIAx marko@skynet"
          },
          "private": "bnVsbA=="
        }
      ]
    },
    {
      "mode": "managed",
      "type": "libvirt_cloudinit_disk",
      "name": "home-k8s-worker-generic-0-cloudinit",
      "provider": "provider.libvirt",
      "instances": [
        {
          "schema_version": 0,
          "attributes": {
            "id": "/var/lib/libvirt/images/disk-drives/home-k8s-worker-generic-0-cloudinit.iso;5de224b7-56dd-cfff-b55c-b233c9d32d1f",
            "meta_data": "instance-id: home-k8s-worker-generic-0\nlocal-hostname: home-k8s-worker-generic-0",
            "name": "home-k8s-worker-generic-0-cloudinit.iso",
            "network_config": "",
            "pool": "disk-drives",
            "user_data": "#cloud-config\ngrowpart:\n  mode: auto\n  devices: ['/']\nssh_pwauth: False\nssh_authorized_keys:\n    - ssh-rsa AAAAB3NzaC1yc2EAAAADAQABAAABAQC6riKTFW2LA1d8b0OE95mFckEoRO/aysuWNsb54vgNlmKHk3lOk5aRGLgp7IdvueYaFedVwHaGb16frIXf2o3iQsQExj3zU5UNfOSzHOtCg/SLHV1hyd1UWT8p5AGKfs7OST0Bec7EN++gUQnbY5z8d6kwoVA8K1aJKYdetdkhprHJcYROitFFvSG151P0gXCGvO9LrCglYki2WGVzzBIL6IxDcGgloYmVJwUJ7mjnHNDM5ZYVonLE5c/0KgPJiQ2YiRM4usGbf2LvI0yKnKjJxcKQUVkzv55hx8f5DuWpnKHc3wYpE/kAcCEu0NT5SD+48GaFT+fSJyldVXsETIAx marko@skynet"
          },
          "private": "bnVsbA=="
        }
      ]
    },
    {
      "mode": "managed",
      "type": "libvirt_cloudinit_disk",
      "name": "home-k8s-worker-generic-1-cloudinit",
      "provider": "provider.libvirt",
      "instances": [
        {
          "schema_version": 0,
          "attributes": {
            "id": "/var/lib/libvirt/images/disk-drives/home-k8s-worker-generic-1-cloudinit.iso;5de224b7-bb3f-3184-3d6e-5194eec49745",
            "meta_data": "instance-id: home-k8s-worker-generic-1\nlocal-hostname: home-k8s-worker-generic-1",
            "name": "home-k8s-worker-generic-1-cloudinit.iso",
            "network_config": "",
            "pool": "disk-drives",
            "user_data": "#cloud-config\ngrowpart:\n  mode: auto\n  devices: ['/']\nssh_pwauth: False\nssh_authorized_keys:\n    - ssh-rsa AAAAB3NzaC1yc2EAAAADAQABAAABAQC6riKTFW2LA1d8b0OE95mFckEoRO/aysuWNsb54vgNlmKHk3lOk5aRGLgp7IdvueYaFedVwHaGb16frIXf2o3iQsQExj3zU5UNfOSzHOtCg/SLHV1hyd1UWT8p5AGKfs7OST0Bec7EN++gUQnbY5z8d6kwoVA8K1aJKYdetdkhprHJcYROitFFvSG151P0gXCGvO9LrCglYki2WGVzzBIL6IxDcGgloYmVJwUJ7mjnHNDM5ZYVonLE5c/0KgPJiQ2YiRM4usGbf2LvI0yKnKjJxcKQUVkzv55hx8f5DuWpnKHc3wYpE/kAcCEu0NT5SD+48GaFT+fSJyldVXsETIAx marko@skynet"
          },
          "private": "bnVsbA=="
        }
      ]
    },
    {
      "mode": "managed",
      "type": "libvirt_cloudinit_disk",
      "name": "home-k8s-worker-generic-2-cloudinit",
      "provider": "provider.libvirt",
      "instances": [
        {
          "schema_version": 0,
          "attributes": {
            "id": "/var/lib/libvirt/images/disk-drives/home-k8s-worker-generic-2-cloudinit.iso;5de224b7-63a6-fd6f-2d02-3e50ce09848c",
            "meta_data": "instance-id: home-k8s-worker-generic-2\nlocal-hostname: home-k8s-worker-generic-2",
            "name": "home-k8s-worker-generic-2-cloudinit.iso",
            "network_config": "",
            "pool": "disk-drives",
            "user_data": "#cloud-config\ngrowpart:\n  mode: auto\n  devices: ['/']\nssh_pwauth: False\nssh_authorized_keys:\n    - ssh-rsa AAAAB3NzaC1yc2EAAAADAQABAAABAQC6riKTFW2LA1d8b0OE95mFckEoRO/aysuWNsb54vgNlmKHk3lOk5aRGLgp7IdvueYaFedVwHaGb16frIXf2o3iQsQExj3zU5UNfOSzHOtCg/SLHV1hyd1UWT8p5AGKfs7OST0Bec7EN++gUQnbY5z8d6kwoVA8K1aJKYdetdkhprHJcYROitFFvSG151P0gXCGvO9LrCglYki2WGVzzBIL6IxDcGgloYmVJwUJ7mjnHNDM5ZYVonLE5c/0KgPJiQ2YiRM4usGbf2LvI0yKnKjJxcKQUVkzv55hx8f5DuWpnKHc3wYpE/kAcCEu0NT5SD+48GaFT+fSJyldVXsETIAx marko@skynet"
          },
          "private": "bnVsbA=="
        }
      ]
    },
    {
      "mode": "managed",
      "type": "libvirt_cloudinit_disk",
      "name": "home-lb-dns-0-cloudinit",
      "provider": "provider.libvirt",
      "instances": [
        {
          "schema_version": 0,
          "attributes": {
            "id": "/var/lib/libvirt/images/disk-drives/home-lb-dns-0-cloudinit.iso;5de224b7-1905-3ed9-d003-6d53da637e08",
            "meta_data": "instance-id: home-lb-dns-0\nlocal-hostname: home-lb-dns-0",
            "name": "home-lb-dns-0-cloudinit.iso",
            "network_config": "",
            "pool": "disk-drives",
            "user_data": "#cloud-config\ngrowpart:\n  mode: auto\n  devices: ['/']\nssh_pwauth: False\nssh_authorized_keys:\n    - ssh-rsa AAAAB3NzaC1yc2EAAAADAQABAAABAQC6riKTFW2LA1d8b0OE95mFckEoRO/aysuWNsb54vgNlmKHk3lOk5aRGLgp7IdvueYaFedVwHaGb16frIXf2o3iQsQExj3zU5UNfOSzHOtCg/SLHV1hyd1UWT8p5AGKfs7OST0Bec7EN++gUQnbY5z8d6kwoVA8K1aJKYdetdkhprHJcYROitFFvSG151P0gXCGvO9LrCglYki2WGVzzBIL6IxDcGgloYmVJwUJ7mjnHNDM5ZYVonLE5c/0KgPJiQ2YiRM4usGbf2LvI0yKnKjJxcKQUVkzv55hx8f5DuWpnKHc3wYpE/kAcCEu0NT5SD+48GaFT+fSJyldVXsETIAx marko@skynet"
          },
          "private": "bnVsbA=="
        }
      ]
    },
    {
      "mode": "managed",
      "type": "libvirt_cloudinit_disk",
      "name": "home-mirror-0-cloudinit",
      "provider": "provider.libvirt",
      "instances": [
        {
          "schema_version": 0,
          "attributes": {
            "id": "/var/lib/libvirt/images/disk-drives/home-mirror-0-cloudinit.iso;5de224b7-b3ed-988c-4a74-742ed99fc37c",
            "meta_data": "instance-id: home-mirror-0\nlocal-hostname: home-mirror-0",
            "name": "home-mirror-0-cloudinit.iso",
            "network_config": "",
            "pool": "disk-drives",
            "user_data": "#cloud-config\ngrowpart:\n  mode: auto\n  devices: ['/']\nssh_pwauth: False\nssh_authorized_keys:\n    - ssh-rsa AAAAB3NzaC1yc2EAAAADAQABAAABAQC6riKTFW2LA1d8b0OE95mFckEoRO/aysuWNsb54vgNlmKHk3lOk5aRGLgp7IdvueYaFedVwHaGb16frIXf2o3iQsQExj3zU5UNfOSzHOtCg/SLHV1hyd1UWT8p5AGKfs7OST0Bec7EN++gUQnbY5z8d6kwoVA8K1aJKYdetdkhprHJcYROitFFvSG151P0gXCGvO9LrCglYki2WGVzzBIL6IxDcGgloYmVJwUJ7mjnHNDM5ZYVonLE5c/0KgPJiQ2YiRM4usGbf2LvI0yKnKjJxcKQUVkzv55hx8f5DuWpnKHc3wYpE/kAcCEu0NT5SD+48GaFT+fSJyldVXsETIAx marko@skynet"
          },
          "private": "bnVsbA=="
        }
      ]
    },
    {
      "mode": "managed",
      "type": "libvirt_cloudinit_disk",
      "name": "home-registry-0-cloudinit",
      "provider": "provider.libvirt",
      "instances": [
        {
          "schema_version": 0,
          "attributes": {
            "id": "/var/lib/libvirt/images/disk-drives/home-registry-0-cloudinit.iso;5de224b7-9d8e-1150-11d7-2243b839307f",
            "meta_data": "instance-id: home-registry-0\nlocal-hostname: home-registry-0",
            "name": "home-registry-0-cloudinit.iso",
            "network_config": "",
            "pool": "disk-drives",
            "user_data": "#cloud-config\ngrowpart:\n  mode: auto\n  devices: ['/']\nssh_pwauth: False\nssh_authorized_keys:\n    - ssh-rsa AAAAB3NzaC1yc2EAAAADAQABAAABAQC6riKTFW2LA1d8b0OE95mFckEoRO/aysuWNsb54vgNlmKHk3lOk5aRGLgp7IdvueYaFedVwHaGb16frIXf2o3iQsQExj3zU5UNfOSzHOtCg/SLHV1hyd1UWT8p5AGKfs7OST0Bec7EN++gUQnbY5z8d6kwoVA8K1aJKYdetdkhprHJcYROitFFvSG151P0gXCGvO9LrCglYki2WGVzzBIL6IxDcGgloYmVJwUJ7mjnHNDM5ZYVonLE5c/0KgPJiQ2YiRM4usGbf2LvI0yKnKjJxcKQUVkzv55hx8f5DuWpnKHc3wYpE/kAcCEu0NT5SD+48GaFT+fSJyldVXsETIAx marko@skynet"
          },
          "private": "bnVsbA=="
        }
      ]
    },
    {
      "mode": "managed",
      "type": "libvirt_domain",
      "name": "home-k8s-controller-0",
      "provider": "provider.libvirt",
      "instances": [
        {
          "schema_version": 0,
          "attributes": {
            "arch": "x86_64",
            "autostart": false,
            "boot_device": [],
            "cloudinit": "/var/lib/libvirt/images/disk-drives/home-k8s-controller-0-cloudinit.iso;5de22447-1bde-26ab-4881-4370ae922acd",
            "cmdline": [],
            "console": [],
            "coreos_ignition": null,
            "cpu": null,
            "disk": [
              {
                "file": "",
                "scsi": false,
                "url": "",
                "volume_id": "/var/lib/libvirt/images/disk-drives/home-k8s-controller-0-disk-system.raw",
                "wwn": ""
              }
            ],
            "emulator": "/usr/bin/qemu-system-x86_64",
            "filesystem": [],
            "firmware": "",
            "fw_cfg_name": "opt/com.coreos/config",
            "graphics": [],
            "id": "d0875031-82fb-4f4f-afbb-b03d19c6d8ef",
            "initrd": "",
            "kernel": "",
            "machine": "pc",
            "memory": 2560,
            "metadata": null,
            "name": "home-k8s-controller-0",
            "network_interface": [
              {
                "addresses": [
                  "10.0.240.2"
                ],
                "bridge": "",
                "hostname": "",
                "mac": "52:54:00:12:34:01",
                "macvtap": "",
                "network_id": "f7eac9a9-d133-420a-afd7-4eb91feb320a",
                "network_name": "home-core-net",
                "passthrough": "",
                "vepa": "",
                "wait_for_lease": true
              }
            ],
            "nvram": [],
            "qemu_agent": false,
            "running": true,
            "timeouts": null,
            "vcpu": 4,
            "video": [],
            "xml": []
          },
          "private": "eyJlMmJmYjczMC1lY2FhLTExZTYtOGY4OC0zNDM2M2JjN2M0YzAiOnsiY3JlYXRlIjozMDAwMDAwMDAwMDB9fQ==",
          "dependencies": [
            "libvirt_cloudinit_disk.home-k8s-controller-0-cloudinit",
            "libvirt_network.home-core-net",
            "libvirt_volume.home-k8s-controller-0-disk-system"
          ]
        }
      ]
    },
    {
      "mode": "managed",
      "type": "libvirt_domain",
      "name": "home-k8s-controller-1",
      "provider": "provider.libvirt",
      "instances": [
        {
          "schema_version": 0,
          "attributes": {
            "arch": "x86_64",
            "autostart": false,
            "boot_device": [],
            "cloudinit": "/var/lib/libvirt/images/disk-drives/home-k8s-controller-1-cloudinit.iso;5de224b7-5861-e76a-cc01-09825db92574",
            "cmdline": [],
            "console": [],
            "coreos_ignition": null,
            "cpu": null,
            "disk": [
              {
                "file": "",
                "scsi": false,
                "url": "",
                "volume_id": "/var/lib/libvirt/images/disk-drives/home-k8s-controller-1-disk-system.raw",
                "wwn": ""
              }
            ],
            "emulator": "/usr/bin/qemu-system-x86_64",
            "filesystem": [],
            "firmware": "",
            "fw_cfg_name": "opt/com.coreos/config",
            "graphics": [],
            "id": "a9010a16-89e1-4b90-b3b0-9ac33d4d3b14",
            "initrd": "",
            "kernel": "",
            "machine": "pc",
            "memory": 2560,
            "metadata": null,
            "name": "home-k8s-controller-1",
            "network_interface": [
              {
                "addresses": [
                  "10.0.240.3"
                ],
                "bridge": "",
                "hostname": "",
                "mac": "52:54:00:12:34:02",
                "macvtap": "",
                "network_id": "f7eac9a9-d133-420a-afd7-4eb91feb320a",
                "network_name": "home-core-net",
                "passthrough": "",
                "vepa": "",
                "wait_for_lease": true
              }
            ],
            "nvram": [],
            "qemu_agent": false,
            "running": true,
            "timeouts": null,
            "vcpu": 4,
            "video": [],
            "xml": []
          },
          "private": "eyJlMmJmYjczMC1lY2FhLTExZTYtOGY4OC0zNDM2M2JjN2M0YzAiOnsiY3JlYXRlIjozMDAwMDAwMDAwMDB9fQ==",
          "dependencies": [
            "libvirt_cloudinit_disk.home-k8s-controller-1-cloudinit",
            "libvirt_network.home-core-net",
            "libvirt_volume.home-k8s-controller-1-disk-system"
          ]
        }
      ]
    },
    {
      "mode": "managed",
      "type": "libvirt_domain",
      "name": "home-k8s-controller-2",
      "provider": "provider.libvirt",
      "instances": [
        {
          "schema_version": 0,
          "attributes": {
            "arch": "x86_64",
            "autostart": false,
            "boot_device": [],
            "cloudinit": "/var/lib/libvirt/images/disk-drives/home-k8s-controller-2-cloudinit.iso;5de224b7-e8f5-9b2e-e96c-a3c31417a4dc",
            "cmdline": [],
            "console": [],
            "coreos_ignition": null,
            "cpu": null,
            "disk": [
              {
                "file": "",
                "scsi": false,
                "url": "",
                "volume_id": "/var/lib/libvirt/images/disk-drives/home-k8s-controller-2-disk-system.raw",
                "wwn": ""
              }
            ],
            "emulator": "/usr/bin/qemu-system-x86_64",
            "filesystem": [],
            "firmware": "",
            "fw_cfg_name": "opt/com.coreos/config",
            "graphics": [],
            "id": "4c9f8846-a41d-4954-81d3-190492c522b4",
            "initrd": "",
            "kernel": "",
            "machine": "pc",
            "memory": 2560,
            "metadata": null,
            "name": "home-k8s-controller-2",
            "network_interface": [
              {
                "addresses": [
                  "10.0.240.4"
                ],
                "bridge": "",
                "hostname": "",
                "mac": "52:54:00:12:34:03",
                "macvtap": "",
                "network_id": "f7eac9a9-d133-420a-afd7-4eb91feb320a",
                "network_name": "home-core-net",
                "passthrough": "",
                "vepa": "",
                "wait_for_lease": true
              }
            ],
            "nvram": [],
            "qemu_agent": false,
            "running": true,
            "timeouts": null,
            "vcpu": 4,
            "video": [],
            "xml": []
          },
          "private": "eyJlMmJmYjczMC1lY2FhLTExZTYtOGY4OC0zNDM2M2JjN2M0YzAiOnsiY3JlYXRlIjozMDAwMDAwMDAwMDB9fQ==",
          "dependencies": [
            "libvirt_cloudinit_disk.home-k8s-controller-2-cloudinit",
            "libvirt_network.home-core-net",
            "libvirt_volume.home-k8s-controller-2-disk-system"
          ]
        }
      ]
    },
    {
      "mode": "managed",
      "type": "libvirt_domain",
      "name": "home-k8s-worker-generic-0",
      "provider": "provider.libvirt",
      "instances": [
        {
          "schema_version": 0,
          "attributes": {
            "arch": "x86_64",
            "autostart": false,
            "boot_device": [],
            "cloudinit": "/var/lib/libvirt/images/disk-drives/home-k8s-worker-generic-0-cloudinit.iso;5de224b7-56dd-cfff-b55c-b233c9d32d1f",
            "cmdline": [],
            "console": [],
            "coreos_ignition": null,
            "cpu": null,
            "disk": [
              {
                "file": "",
                "scsi": false,
                "url": "",
                "volume_id": "/var/lib/libvirt/images/disk-drives/home-k8s-worker-generic-0-disk-system.raw",
                "wwn": ""
              }
            ],
            "emulator": "/usr/bin/qemu-system-x86_64",
            "filesystem": [],
            "firmware": "",
            "fw_cfg_name": "opt/com.coreos/config",
            "graphics": [],
            "id": "812ed822-f439-45ab-aeb8-b3185ad22a68",
            "initrd": "",
            "kernel": "",
            "machine": "pc",
            "memory": 10368,
            "metadata": null,
            "name": "home-k8s-worker-generic-0",
            "network_interface": [
              {
                "addresses": [
                  "10.0.240.20"
                ],
                "bridge": "",
                "hostname": "",
                "mac": "52:54:00:12:35:01",
                "macvtap": "",
                "network_id": "f7eac9a9-d133-420a-afd7-4eb91feb320a",
                "network_name": "home-core-net",
                "passthrough": "",
                "vepa": "",
                "wait_for_lease": true
              }
            ],
            "nvram": [],
            "qemu_agent": false,
            "running": true,
            "timeouts": null,
            "vcpu": 8,
            "video": [],
            "xml": []
          },
          "private": "eyJlMmJmYjczMC1lY2FhLTExZTYtOGY4OC0zNDM2M2JjN2M0YzAiOnsiY3JlYXRlIjozMDAwMDAwMDAwMDB9fQ==",
          "dependencies": [
            "libvirt_cloudinit_disk.home-k8s-worker-generic-0-cloudinit",
            "libvirt_network.home-core-net",
            "libvirt_volume.home-k8s-worker-generic-0-disk-system"
          ]
        }
      ]
    },
    {
      "mode": "managed",
      "type": "libvirt_domain",
      "name": "home-k8s-worker-generic-1",
      "provider": "provider.libvirt",
      "instances": [
        {
          "schema_version": 0,
          "attributes": {
            "arch": "x86_64",
            "autostart": false,
            "boot_device": [],
            "cloudinit": "/var/lib/libvirt/images/disk-drives/home-k8s-worker-generic-1-cloudinit.iso;5de224b7-bb3f-3184-3d6e-5194eec49745",
            "cmdline": [],
            "console": [],
            "coreos_ignition": null,
            "cpu": null,
            "disk": [
              {
                "file": "",
                "scsi": false,
                "url": "",
                "volume_id": "/var/lib/libvirt/images/disk-drives/home-k8s-worker-generic-1-disk-system.raw",
                "wwn": ""
              }
            ],
            "emulator": "/usr/bin/qemu-system-x86_64",
            "filesystem": [],
            "firmware": "",
            "fw_cfg_name": "opt/com.coreos/config",
            "graphics": [],
            "id": "0a99b2b0-f225-46d6-8e50-2ad55b53f1f4",
            "initrd": "",
            "kernel": "",
            "machine": "pc",
            "memory": 10368,
            "metadata": null,
            "name": "home-k8s-worker-generic-1",
            "network_interface": [
              {
                "addresses": [
                  "10.0.240.21"
                ],
                "bridge": "",
                "hostname": "",
                "mac": "52:54:00:12:35:02",
                "macvtap": "",
                "network_id": "f7eac9a9-d133-420a-afd7-4eb91feb320a",
                "network_name": "home-core-net",
                "passthrough": "",
                "vepa": "",
                "wait_for_lease": true
              }
            ],
            "nvram": [],
            "qemu_agent": false,
            "running": true,
            "timeouts": null,
            "vcpu": 8,
            "video": [],
            "xml": []
          },
          "private": "eyJlMmJmYjczMC1lY2FhLTExZTYtOGY4OC0zNDM2M2JjN2M0YzAiOnsiY3JlYXRlIjozMDAwMDAwMDAwMDB9fQ==",
          "dependencies": [
            "libvirt_cloudinit_disk.home-k8s-worker-generic-1-cloudinit",
            "libvirt_network.home-core-net",
            "libvirt_volume.home-k8s-worker-generic-1-disk-system"
          ]
        }
      ]
    },
    {
      "mode": "managed",
      "type": "libvirt_domain",
      "name": "home-k8s-worker-generic-2",
      "provider": "provider.libvirt",
      "instances": [
        {
          "schema_version": 0,
          "attributes": {
            "arch": "x86_64",
            "autostart": false,
            "boot_device": [],
            "cloudinit": "/var/lib/libvirt/images/disk-drives/home-k8s-worker-generic-2-cloudinit.iso;5de224b7-63a6-fd6f-2d02-3e50ce09848c",
            "cmdline": [],
            "console": [],
            "coreos_ignition": null,
            "cpu": null,
            "disk": [
              {
                "file": "",
                "scsi": false,
                "url": "",
                "volume_id": "/var/lib/libvirt/images/disk-drives/home-k8s-worker-generic-2-disk-system.raw",
                "wwn": ""
              }
            ],
            "emulator": "/usr/bin/qemu-system-x86_64",
            "filesystem": [],
            "firmware": "",
            "fw_cfg_name": "opt/com.coreos/config",
            "graphics": [],
            "id": "2a520565-7490-41bd-ad02-1644b90dd7c9",
            "initrd": "",
            "kernel": "",
            "machine": "pc",
            "memory": 10368,
            "metadata": null,
            "name": "home-k8s-worker-generic-2",
            "network_interface": [
              {
                "addresses": [
                  "10.0.240.22"
                ],
                "bridge": "",
                "hostname": "",
                "mac": "52:54:00:12:35:03",
                "macvtap": "",
                "network_id": "f7eac9a9-d133-420a-afd7-4eb91feb320a",
                "network_name": "home-core-net",
                "passthrough": "",
                "vepa": "",
                "wait_for_lease": true
              }
            ],
            "nvram": [],
            "qemu_agent": false,
            "running": true,
            "timeouts": null,
            "vcpu": 8,
            "video": [],
            "xml": []
          },
          "private": "eyJlMmJmYjczMC1lY2FhLTExZTYtOGY4OC0zNDM2M2JjN2M0YzAiOnsiY3JlYXRlIjozMDAwMDAwMDAwMDB9fQ==",
          "dependencies": [
            "libvirt_cloudinit_disk.home-k8s-worker-generic-2-cloudinit",
            "libvirt_network.home-core-net",
            "libvirt_volume.home-k8s-worker-generic-2-disk-system"
          ]
        }
      ]
    },
    {
      "mode": "managed",
      "type": "libvirt_domain",
      "name": "home-lb-dns-0",
      "provider": "provider.libvirt",
      "instances": [
        {
          "schema_version": 0,
          "attributes": {
            "arch": "x86_64",
            "autostart": true,
            "boot_device": [],
            "cloudinit": "/var/lib/libvirt/images/disk-drives/home-lb-dns-0-cloudinit.iso;5de224b7-1905-3ed9-d003-6d53da637e08",
            "cmdline": [],
            "console": [],
            "coreos_ignition": null,
            "cpu": null,
            "disk": [
              {
                "file": "",
                "scsi": false,
                "url": "",
                "volume_id": "/var/lib/libvirt/images/disk-drives/home-lb-dns-0-disk-system.raw",
                "wwn": ""
              }
            ],
            "emulator": "/usr/bin/qemu-system-x86_64",
            "filesystem": [],
            "firmware": "",
            "fw_cfg_name": "opt/com.coreos/config",
            "graphics": [],
            "id": "70a03563-a977-490b-aa70-47ffb5056886",
            "initrd": "",
            "kernel": "",
            "machine": "pc",
            "memory": 1056,
            "metadata": null,
            "name": "home-lb-dns-0",
            "network_interface": [
              {
                "addresses": [
                  "10.0.0.10"
                ],
                "bridge": "",
                "hostname": "",
                "mac": "52:54:00:12:36:01",
                "macvtap": "",
                "network_id": "f7eac9a9-d133-420a-afd7-4eb91feb320a",
                "network_name": "home-core-net",
                "passthrough": "",
                "vepa": "",
                "wait_for_lease": true
              }
            ],
            "nvram": [],
            "qemu_agent": false,
            "running": true,
            "timeouts": null,
            "vcpu": 1,
            "video": [],
            "xml": []
          },
          "private": "eyJlMmJmYjczMC1lY2FhLTExZTYtOGY4OC0zNDM2M2JjN2M0YzAiOnsiY3JlYXRlIjozMDAwMDAwMDAwMDB9fQ==",
          "dependencies": [
            "libvirt_cloudinit_disk.home-lb-dns-0-cloudinit",
            "libvirt_network.home-core-net",
            "libvirt_volume.home-lb-dns-0-disk-system"
          ]
        }
      ]
    },
    {
      "mode": "managed",
      "type": "libvirt_domain",
      "name": "home-mirror-0",
      "provider": "provider.libvirt",
      "instances": [
        {
          "schema_version": 0,
          "attributes": {
            "arch": "x86_64",
            "autostart": false,
            "boot_device": [],
            "cloudinit": "/var/lib/libvirt/images/disk-drives/home-mirror-0-cloudinit.iso;5de224b7-b3ed-988c-4a74-742ed99fc37c",
            "cmdline": [],
            "console": [],
            "coreos_ignition": null,
            "cpu": null,
            "disk": [
              {
                "file": "",
                "scsi": false,
                "url": "",
                "volume_id": "/var/lib/libvirt/images/disk-drives/home-mirror-0-disk-system.raw",
                "wwn": ""
              }
            ],
            "emulator": "/usr/bin/qemu-system-x86_64",
            "filesystem": [],
            "firmware": "",
            "fw_cfg_name": "opt/com.coreos/config",
            "graphics": [],
            "id": "c159c47b-90c3-41e0-ab55-1ba76941fe50",
            "initrd": "",
            "kernel": "",
            "machine": "pc",
            "memory": 1056,
            "metadata": null,
            "name": "home-mirror-0",
            "network_interface": [
              {
                "addresses": [
                  "10.0.0.20"
                ],
                "bridge": "",
                "hostname": "",
                "mac": "52:54:00:12:36:02",
                "macvtap": "",
                "network_id": "f7eac9a9-d133-420a-afd7-4eb91feb320a",
                "network_name": "home-core-net",
                "passthrough": "",
                "vepa": "",
                "wait_for_lease": true
              }
            ],
            "nvram": [],
            "qemu_agent": false,
            "running": true,
            "timeouts": null,
            "vcpu": 1,
            "video": [],
            "xml": []
          },
          "private": "eyJlMmJmYjczMC1lY2FhLTExZTYtOGY4OC0zNDM2M2JjN2M0YzAiOnsiY3JlYXRlIjozMDAwMDAwMDAwMDB9fQ==",
          "dependencies": [
            "libvirt_cloudinit_disk.home-mirror-0-cloudinit",
            "libvirt_network.home-core-net",
            "libvirt_volume.home-mirror-0-disk-system"
          ]
        }
      ]
    },
    {
      "mode": "managed",
      "type": "libvirt_domain",
      "name": "home-registry-0",
      "provider": "provider.libvirt",
      "instances": [
        {
          "schema_version": 0,
          "attributes": {
            "arch": "x86_64",
            "autostart": false,
            "boot_device": [],
            "cloudinit": "/var/lib/libvirt/images/disk-drives/home-registry-0-cloudinit.iso;5de224b7-9d8e-1150-11d7-2243b839307f",
            "cmdline": [],
            "console": [],
            "coreos_ignition": null,
            "cpu": null,
            "disk": [
              {
                "file": "",
                "scsi": false,
                "url": "",
                "volume_id": "/var/lib/libvirt/images/disk-drives/home-registry-0-disk-system.raw",
                "wwn": ""
              }
            ],
            "emulator": "/usr/bin/qemu-system-x86_64",
            "filesystem": [],
            "firmware": "",
            "fw_cfg_name": "opt/com.coreos/config",
            "graphics": [],
            "id": "789a123c-5555-4cbf-8a99-5f250796798e",
            "initrd": "",
            "kernel": "",
            "machine": "pc",
            "memory": 1056,
            "metadata": null,
            "name": "home-registry-0",
            "network_interface": [
              {
                "addresses": [
                  "10.0.0.30"
                ],
                "bridge": "",
                "hostname": "",
                "mac": "52:54:00:12:36:03",
                "macvtap": "",
                "network_id": "f7eac9a9-d133-420a-afd7-4eb91feb320a",
                "network_name": "home-core-net",
                "passthrough": "",
                "vepa": "",
                "wait_for_lease": true
              }
            ],
            "nvram": [],
            "qemu_agent": false,
            "running": true,
            "timeouts": null,
            "vcpu": 1,
            "video": [],
            "xml": []
          },
          "private": "eyJlMmJmYjczMC1lY2FhLTExZTYtOGY4OC0zNDM2M2JjN2M0YzAiOnsiY3JlYXRlIjozMDAwMDAwMDAwMDB9fQ==",
          "dependencies": [
            "libvirt_cloudinit_disk.home-registry-0-cloudinit",
            "libvirt_network.home-core-net",
            "libvirt_volume.home-registry-0-disk-system"
          ]
        }
      ]
    },
    {
      "mode": "managed",
      "type": "libvirt_network",
      "name": "home-core-net",
      "provider": "provider.libvirt",
      "instances": [
        {
          "schema_version": 0,
          "attributes": {
            "addresses": [
              "10.0.0.0/16"
            ],
            "autostart": true,
            "bridge": "virbr1",
            "dhcp": [
              {
                "enabled": true
              }
            ],
            "dns": [
              {
                "enabled": true,
                "forwarders": [
                  {
                    "address": "10.0.0.10",
                    "domain": "xn--h1admmf5m.xn--d1aqf"
                  }
                ],
                "hosts": [],
                "local_only": false,
                "srvs": []
              }
            ],
            "domain": null,
            "id": "f7eac9a9-d133-420a-afd7-4eb91feb320a",
            "mode": "nat",
            "mtu": null,
            "name": "home-core-net",
            "routes": [],
            "xml": []
          }
        }
      ]
    },
    {
      "mode": "managed",
      "type": "libvirt_volume",
      "name": "home-k8s-controller-0-disk-system",
      "provider": "provider.libvirt",
      "instances": [
        {
          "schema_version": 0,
          "attributes": {
            "base_volume_id": null,
            "base_volume_name": null,
            "base_volume_pool": null,
            "format": "raw",
            "id": "/var/lib/libvirt/images/disk-drives/home-k8s-controller-0-disk-system.raw",
            "name": "home-k8s-controller-0-disk-system.raw",
            "pool": "disk-drives",
            "size": 21474836480,
            "source": "/var/lib/libvirt/images/install-media/fedora-cloud-base-31-amd64.raw",
            "xml": []
          }
        }
      ]
    },
    {
      "mode": "managed",
      "type": "libvirt_volume",
      "name": "home-k8s-controller-1-disk-system",
      "provider": "provider.libvirt",
      "instances": [
        {
          "schema_version": 0,
          "attributes": {
            "base_volume_id": null,
            "base_volume_name": null,
            "base_volume_pool": null,
            "format": "raw",
            "id": "/var/lib/libvirt/images/disk-drives/home-k8s-controller-1-disk-system.raw",
            "name": "home-k8s-controller-1-disk-system.raw",
            "pool": "disk-drives",
            "size": 21474836480,
            "source": "/var/lib/libvirt/images/install-media/fedora-cloud-base-31-amd64.raw",
            "xml": []
          }
        }
      ]
    },
    {
      "mode": "managed",
      "type": "libvirt_volume",
      "name": "home-k8s-controller-2-disk-system",
      "provider": "provider.libvirt",
      "instances": [
        {
          "schema_version": 0,
          "attributes": {
            "base_volume_id": null,
            "base_volume_name": null,
            "base_volume_pool": null,
            "format": "raw",
            "id": "/var/lib/libvirt/images/disk-drives/home-k8s-controller-2-disk-system.raw",
            "name": "home-k8s-controller-2-disk-system.raw",
            "pool": "disk-drives",
            "size": 21474836480,
            "source": "/var/lib/libvirt/images/install-media/fedora-cloud-base-31-amd64.raw",
            "xml": []
          }
        }
      ]
    },
    {
      "mode": "managed",
      "type": "libvirt_volume",
      "name": "home-k8s-worker-generic-0-disk-system",
      "provider": "provider.libvirt",
      "instances": [
        {
          "schema_version": 0,
          "attributes": {
            "base_volume_id": null,
            "base_volume_name": null,
            "base_volume_pool": null,
            "format": "raw",
            "id": "/var/lib/libvirt/images/disk-drives/home-k8s-worker-generic-0-disk-system.raw",
            "name": "home-k8s-worker-generic-0-disk-system.raw",
            "pool": "disk-drives",
            "size": 64424509440,
            "source": "/var/lib/libvirt/images/install-media/fedora-cloud-base-31-amd64.raw",
            "xml": []
          }
        }
      ]
    },
    {
      "mode": "managed",
      "type": "libvirt_volume",
      "name": "home-k8s-worker-generic-1-disk-system",
      "provider": "provider.libvirt",
      "instances": [
        {
          "schema_version": 0,
          "attributes": {
            "base_volume_id": null,
            "base_volume_name": null,
            "base_volume_pool": null,
            "format": "raw",
            "id": "/var/lib/libvirt/images/disk-drives/home-k8s-worker-generic-1-disk-system.raw",
            "name": "home-k8s-worker-generic-1-disk-system.raw",
            "pool": "disk-drives",
            "size": 64424509440,
            "source": "/var/lib/libvirt/images/install-media/fedora-cloud-base-31-amd64.raw",
            "xml": []
          }
        }
      ]
    },
    {
      "mode": "managed",
      "type": "libvirt_volume",
      "name": "home-k8s-worker-generic-2-disk-system",
      "provider": "provider.libvirt",
      "instances": [
        {
          "schema_version": 0,
          "attributes": {
            "base_volume_id": null,
            "base_volume_name": null,
            "base_volume_pool": null,
            "format": "raw",
            "id": "/var/lib/libvirt/images/disk-drives/home-k8s-worker-generic-2-disk-system.raw",
            "name": "home-k8s-worker-generic-2-disk-system.raw",
            "pool": "disk-drives",
            "size": 64424509440,
            "source": "/var/lib/libvirt/images/install-media/fedora-cloud-base-31-amd64.raw",
            "xml": []
          }
        }
      ]
    },
    {
      "mode": "managed",
      "type": "libvirt_volume",
      "name": "home-lb-dns-0-disk-system",
      "provider": "provider.libvirt",
      "instances": [
        {
          "schema_version": 0,
          "attributes": {
            "base_volume_id": null,
            "base_volume_name": null,
            "base_volume_pool": null,
            "format": "raw",
            "id": "/var/lib/libvirt/images/disk-drives/home-lb-dns-0-disk-system.raw",
            "name": "home-lb-dns-0-disk-system.raw",
            "pool": "disk-drives",
            "size": 10737418240,
            "source": "/var/lib/libvirt/images/install-media/fedora-cloud-base-31-amd64.raw",
            "xml": []
          }
        }
      ]
    },
    {
      "mode": "managed",
      "type": "libvirt_volume",
      "name": "home-mirror-0-disk-system",
      "provider": "provider.libvirt",
      "instances": [
        {
          "schema_version": 0,
          "attributes": {
            "base_volume_id": null,
            "base_volume_name": null,
            "base_volume_pool": null,
            "format": "raw",
            "id": "/var/lib/libvirt/images/disk-drives/home-mirror-0-disk-system.raw",
            "name": "home-mirror-0-disk-system.raw",
            "pool": "disk-drives",
            "size": 214748364800,
            "source": "/var/lib/libvirt/images/install-media/fedora-cloud-base-31-amd64.raw",
            "xml": []
          }
        }
      ]
    },
    {
      "mode": "managed",
      "type": "libvirt_volume",
      "name": "home-registry-0-disk-system",
      "provider": "provider.libvirt",
      "instances": [
        {
          "schema_version": 0,
          "attributes": {
            "base_volume_id": null,
            "base_volume_name": null,
            "base_volume_pool": null,
            "format": "raw",
            "id": "/var/lib/libvirt/images/disk-drives/home-registry-0-disk-system.raw",
            "name": "home-registry-0-disk-system.raw",
            "pool": "disk-drives",
            "size": 32212254720,
            "source": "/var/lib/libvirt/images/install-media/fedora-cloud-base-31-amd64.raw",
            "xml": []
          }
        }
      ]
    }
  ]
}
