{
  "version": 4,
  "terraform_version": "0.12.9",
  "serial": 44,
  "lineage": "c2bf87c5-6a23-f2eb-2ff6-3ec152eed3c0",
  "outputs": {},
  "resources": [
    {
      "mode": "data",
      "type": "template_file",
      "name": "metadata-home-k8s-controller-0",
      "provider": "provider.template",
      "instances": [
        {
          "schema_version": 0,
          "attributes": {
            "filename": null,
            "id": "6b9ced757e344bb70e2e1a4fc31dd259751911bedef820fce3182210c39e32e7",
            "rendered": "instance-id: home-k8s-controller-0\nlocal-hostname: home-k8s-controller-0",
            "template": "instance-id: home-k8s-controller-0\nlocal-hostname: home-k8s-controller-0",
            "vars": null
          }
        }
      ]
    },
    {
      "mode": "data",
      "type": "template_file",
      "name": "metadata-home-k8s-controller-1",
      "provider": "provider.template",
      "instances": [
        {
          "schema_version": 0,
          "attributes": {
            "filename": null,
            "id": "1780aba6c1d947df3e2229cad29fbb3b3ce5a7f0ff7f20c9a7543441d2f51b70",
            "rendered": "instance-id: home-k8s-controller-1\nlocal-hostname: home-k8s-controller-1",
            "template": "instance-id: home-k8s-controller-1\nlocal-hostname: home-k8s-controller-1",
            "vars": null
          }
        }
      ]
    },
    {
      "mode": "data",
      "type": "template_file",
      "name": "metadata-home-k8s-controller-2",
      "provider": "provider.template",
      "instances": [
        {
          "schema_version": 0,
          "attributes": {
            "filename": null,
            "id": "a95e1dffe907f646684cc272518e0fa2c9cea531d41854b48acfc80e57f63424",
            "rendered": "instance-id: home-k8s-controller-2\nlocal-hostname: home-k8s-controller-2",
            "template": "instance-id: home-k8s-controller-2\nlocal-hostname: home-k8s-controller-2",
            "vars": null
          }
        }
      ]
    },
    {
      "mode": "data",
      "type": "template_file",
      "name": "metadata-home-k8s-worker-generic-0",
      "provider": "provider.template",
      "instances": [
        {
          "schema_version": 0,
          "attributes": {
            "filename": null,
            "id": "57574add175e0ca18b75a99bae5bb31cb65650bc796d908ea0332b47e09e2295",
            "rendered": "instance-id: home-k8s-worker-generic-0\nlocal-hostname: home-k8s-worker-generic-0",
            "template": "instance-id: home-k8s-worker-generic-0\nlocal-hostname: home-k8s-worker-generic-0",
            "vars": null
          }
        }
      ]
    },
    {
      "mode": "data",
      "type": "template_file",
      "name": "metadata-home-k8s-worker-generic-1",
      "provider": "provider.template",
      "instances": [
        {
          "schema_version": 0,
          "attributes": {
            "filename": null,
            "id": "c8328f52365e4bd0742a97d760dbd6a3001cbb59210c635cbb1365ab14448dc9",
            "rendered": "instance-id: home-k8s-worker-generic-1\nlocal-hostname: home-k8s-worker-generic-1",
            "template": "instance-id: home-k8s-worker-generic-1\nlocal-hostname: home-k8s-worker-generic-1",
            "vars": null
          }
        }
      ]
    },
    {
      "mode": "data",
      "type": "template_file",
      "name": "metadata-home-k8s-worker-generic-2",
      "provider": "provider.template",
      "instances": [
        {
          "schema_version": 0,
          "attributes": {
            "filename": null,
            "id": "d4d25f9fd5664ce444c4d932eb95e649233d80191b76b353edc06692b810b2fd",
            "rendered": "instance-id: home-k8s-worker-generic-2\nlocal-hostname: home-k8s-worker-generic-2",
            "template": "instance-id: home-k8s-worker-generic-2\nlocal-hostname: home-k8s-worker-generic-2",
            "vars": null
          }
        }
      ]
    },
    {
      "mode": "data",
      "type": "template_file",
      "name": "metadata-home-k8s-worker-storage-0",
      "provider": "provider.template",
      "instances": [
        {
          "schema_version": 0,
          "attributes": {
            "filename": null,
            "id": "b5c871218839ab06dd060c0654f2d570e6a33f85cd857138d7c04afe1976f162",
            "rendered": "instance-id: home-k8s-worker-storage-0\nlocal-hostname: home-k8s-worker-storage-0",
            "template": "instance-id: home-k8s-worker-storage-0\nlocal-hostname: home-k8s-worker-storage-0",
            "vars": null
          }
        }
      ]
    },
    {
      "mode": "data",
      "type": "template_file",
      "name": "metadata-home-k8s-worker-storage-1",
      "provider": "provider.template",
      "instances": [
        {
          "schema_version": 0,
          "attributes": {
            "filename": null,
            "id": "2deff92c0d76e8576da0221d0916d3888928fa3eaa621a09f90bef918003b39f",
            "rendered": "instance-id: home-k8s-worker-storage-1\nlocal-hostname: home-k8s-worker-storage-1",
            "template": "instance-id: home-k8s-worker-storage-1\nlocal-hostname: home-k8s-worker-storage-1",
            "vars": null
          }
        }
      ]
    },
    {
      "mode": "data",
      "type": "template_file",
      "name": "metadata-home-k8s-worker-storage-2",
      "provider": "provider.template",
      "instances": [
        {
          "schema_version": 0,
          "attributes": {
            "filename": null,
            "id": "68cced285ecf293b11de46b6a40108a11aeb6d1bb2c315cf51763fde0a5e7482",
            "rendered": "instance-id: home-k8s-worker-storage-2\nlocal-hostname: home-k8s-worker-storage-2",
            "template": "instance-id: home-k8s-worker-storage-2\nlocal-hostname: home-k8s-worker-storage-2",
            "vars": null
          }
        }
      ]
    },
    {
      "mode": "data",
      "type": "template_file",
      "name": "metadata-home-lb-dns-0",
      "provider": "provider.template",
      "instances": [
        {
          "schema_version": 0,
          "attributes": {
            "filename": null,
            "id": "a16766bf14f25453b1024b976999315be3a2796623de01b20cd3af8bf582b8dc",
            "rendered": "instance-id: home-lb-dns-0\nlocal-hostname: home-lb-dns-0",
            "template": "instance-id: home-lb-dns-0\nlocal-hostname: home-lb-dns-0",
            "vars": null
          }
        }
      ]
    },
    {
      "mode": "data",
      "type": "template_file",
      "name": "metadata-home-mirror-0",
      "provider": "provider.template",
      "instances": [
        {
          "schema_version": 0,
          "attributes": {
            "filename": null,
            "id": "51a88b6e8a8bc507b1e83f12e2685a5daa272d455f0a387551e566029702fe54",
            "rendered": "instance-id: home-mirror-0\nlocal-hostname: home-mirror-0",
            "template": "instance-id: home-mirror-0\nlocal-hostname: home-mirror-0",
            "vars": null
          }
        }
      ]
    },
    {
      "mode": "data",
      "type": "template_file",
      "name": "metadata-home-registry-0",
      "provider": "provider.template",
      "instances": [
        {
          "schema_version": 0,
          "attributes": {
            "filename": null,
            "id": "1df50af17db7c252b67570c33abc24378cf73abdfafcfbd67d1d3adeb5b41b5e",
            "rendered": "instance-id: home-registry-0\nlocal-hostname: home-registry-0",
            "template": "instance-id: home-registry-0\nlocal-hostname: home-registry-0",
            "vars": null
          }
        }
      ]
    },
    {
      "mode": "data",
      "type": "template_file",
      "name": "userdata-home-k8s-controller-0",
      "provider": "provider.template",
      "instances": [
        {
          "schema_version": 0,
          "attributes": {
            "filename": null,
            "id": "48df72926a3552876cb9295d275a26c3e71bcc424c13a13978d24a91d4d64e16",
            "rendered": "#cloud-config\ngrowpart:\n  mode: auto\n  devices: ['/']\nssh_pwauth: False\nssh_authorized_keys:\n    - ssh-rsa AAAAB3NzaC1yc2EAAAADAQABAAABAQC6riKTFW2LA1d8b0OE95mFckEoRO/aysuWNsb54vgNlmKHk3lOk5aRGLgp7IdvueYaFedVwHaGb16frIXf2o3iQsQExj3zU5UNfOSzHOtCg/SLHV1hyd1UWT8p5AGKfs7OST0Bec7EN++gUQnbY5z8d6kwoVA8K1aJKYdetdkhprHJcYROitFFvSG151P0gXCGvO9LrCglYki2WGVzzBIL6IxDcGgloYmVJwUJ7mjnHNDM5ZYVonLE5c/0KgPJiQ2YiRM4usGbf2LvI0yKnKjJxcKQUVkzv55hx8f5DuWpnKHc3wYpE/kAcCEu0NT5SD+48GaFT+fSJyldVXsETIAx marko@skynet",
            "template": "#cloud-config\ngrowpart:\n  mode: auto\n  devices: ['/']\nssh_pwauth: False\nssh_authorized_keys:\n    - ssh-rsa AAAAB3NzaC1yc2EAAAADAQABAAABAQC6riKTFW2LA1d8b0OE95mFckEoRO/aysuWNsb54vgNlmKHk3lOk5aRGLgp7IdvueYaFedVwHaGb16frIXf2o3iQsQExj3zU5UNfOSzHOtCg/SLHV1hyd1UWT8p5AGKfs7OST0Bec7EN++gUQnbY5z8d6kwoVA8K1aJKYdetdkhprHJcYROitFFvSG151P0gXCGvO9LrCglYki2WGVzzBIL6IxDcGgloYmVJwUJ7mjnHNDM5ZYVonLE5c/0KgPJiQ2YiRM4usGbf2LvI0yKnKjJxcKQUVkzv55hx8f5DuWpnKHc3wYpE/kAcCEu0NT5SD+48GaFT+fSJyldVXsETIAx marko@skynet",
            "vars": null
          }
        }
      ]
    },
    {
      "mode": "data",
      "type": "template_file",
      "name": "userdata-home-k8s-controller-1",
      "provider": "provider.template",
      "instances": [
        {
          "schema_version": 0,
          "attributes": {
            "filename": null,
            "id": "48df72926a3552876cb9295d275a26c3e71bcc424c13a13978d24a91d4d64e16",
            "rendered": "#cloud-config\ngrowpart:\n  mode: auto\n  devices: ['/']\nssh_pwauth: False\nssh_authorized_keys:\n    - ssh-rsa AAAAB3NzaC1yc2EAAAADAQABAAABAQC6riKTFW2LA1d8b0OE95mFckEoRO/aysuWNsb54vgNlmKHk3lOk5aRGLgp7IdvueYaFedVwHaGb16frIXf2o3iQsQExj3zU5UNfOSzHOtCg/SLHV1hyd1UWT8p5AGKfs7OST0Bec7EN++gUQnbY5z8d6kwoVA8K1aJKYdetdkhprHJcYROitFFvSG151P0gXCGvO9LrCglYki2WGVzzBIL6IxDcGgloYmVJwUJ7mjnHNDM5ZYVonLE5c/0KgPJiQ2YiRM4usGbf2LvI0yKnKjJxcKQUVkzv55hx8f5DuWpnKHc3wYpE/kAcCEu0NT5SD+48GaFT+fSJyldVXsETIAx marko@skynet",
            "template": "#cloud-config\ngrowpart:\n  mode: auto\n  devices: ['/']\nssh_pwauth: False\nssh_authorized_keys:\n    - ssh-rsa AAAAB3NzaC1yc2EAAAADAQABAAABAQC6riKTFW2LA1d8b0OE95mFckEoRO/aysuWNsb54vgNlmKHk3lOk5aRGLgp7IdvueYaFedVwHaGb16frIXf2o3iQsQExj3zU5UNfOSzHOtCg/SLHV1hyd1UWT8p5AGKfs7OST0Bec7EN++gUQnbY5z8d6kwoVA8K1aJKYdetdkhprHJcYROitFFvSG151P0gXCGvO9LrCglYki2WGVzzBIL6IxDcGgloYmVJwUJ7mjnHNDM5ZYVonLE5c/0KgPJiQ2YiRM4usGbf2LvI0yKnKjJxcKQUVkzv55hx8f5DuWpnKHc3wYpE/kAcCEu0NT5SD+48GaFT+fSJyldVXsETIAx marko@skynet",
            "vars": null
          }
        }
      ]
    },
    {
      "mode": "data",
      "type": "template_file",
      "name": "userdata-home-k8s-controller-2",
      "provider": "provider.template",
      "instances": [
        {
          "schema_version": 0,
          "attributes": {
            "filename": null,
            "id": "48df72926a3552876cb9295d275a26c3e71bcc424c13a13978d24a91d4d64e16",
            "rendered": "#cloud-config\ngrowpart:\n  mode: auto\n  devices: ['/']\nssh_pwauth: False\nssh_authorized_keys:\n    - ssh-rsa AAAAB3NzaC1yc2EAAAADAQABAAABAQC6riKTFW2LA1d8b0OE95mFckEoRO/aysuWNsb54vgNlmKHk3lOk5aRGLgp7IdvueYaFedVwHaGb16frIXf2o3iQsQExj3zU5UNfOSzHOtCg/SLHV1hyd1UWT8p5AGKfs7OST0Bec7EN++gUQnbY5z8d6kwoVA8K1aJKYdetdkhprHJcYROitFFvSG151P0gXCGvO9LrCglYki2WGVzzBIL6IxDcGgloYmVJwUJ7mjnHNDM5ZYVonLE5c/0KgPJiQ2YiRM4usGbf2LvI0yKnKjJxcKQUVkzv55hx8f5DuWpnKHc3wYpE/kAcCEu0NT5SD+48GaFT+fSJyldVXsETIAx marko@skynet",
            "template": "#cloud-config\ngrowpart:\n  mode: auto\n  devices: ['/']\nssh_pwauth: False\nssh_authorized_keys:\n    - ssh-rsa AAAAB3NzaC1yc2EAAAADAQABAAABAQC6riKTFW2LA1d8b0OE95mFckEoRO/aysuWNsb54vgNlmKHk3lOk5aRGLgp7IdvueYaFedVwHaGb16frIXf2o3iQsQExj3zU5UNfOSzHOtCg/SLHV1hyd1UWT8p5AGKfs7OST0Bec7EN++gUQnbY5z8d6kwoVA8K1aJKYdetdkhprHJcYROitFFvSG151P0gXCGvO9LrCglYki2WGVzzBIL6IxDcGgloYmVJwUJ7mjnHNDM5ZYVonLE5c/0KgPJiQ2YiRM4usGbf2LvI0yKnKjJxcKQUVkzv55hx8f5DuWpnKHc3wYpE/kAcCEu0NT5SD+48GaFT+fSJyldVXsETIAx marko@skynet",
            "vars": null
          }
        }
      ]
    },
    {
      "mode": "data",
      "type": "template_file",
      "name": "userdata-home-k8s-worker-generic-0",
      "provider": "provider.template",
      "instances": [
        {
          "schema_version": 0,
          "attributes": {
            "filename": null,
            "id": "48df72926a3552876cb9295d275a26c3e71bcc424c13a13978d24a91d4d64e16",
            "rendered": "#cloud-config\ngrowpart:\n  mode: auto\n  devices: ['/']\nssh_pwauth: False\nssh_authorized_keys:\n    - ssh-rsa AAAAB3NzaC1yc2EAAAADAQABAAABAQC6riKTFW2LA1d8b0OE95mFckEoRO/aysuWNsb54vgNlmKHk3lOk5aRGLgp7IdvueYaFedVwHaGb16frIXf2o3iQsQExj3zU5UNfOSzHOtCg/SLHV1hyd1UWT8p5AGKfs7OST0Bec7EN++gUQnbY5z8d6kwoVA8K1aJKYdetdkhprHJcYROitFFvSG151P0gXCGvO9LrCglYki2WGVzzBIL6IxDcGgloYmVJwUJ7mjnHNDM5ZYVonLE5c/0KgPJiQ2YiRM4usGbf2LvI0yKnKjJxcKQUVkzv55hx8f5DuWpnKHc3wYpE/kAcCEu0NT5SD+48GaFT+fSJyldVXsETIAx marko@skynet",
            "template": "#cloud-config\ngrowpart:\n  mode: auto\n  devices: ['/']\nssh_pwauth: False\nssh_authorized_keys:\n    - ssh-rsa AAAAB3NzaC1yc2EAAAADAQABAAABAQC6riKTFW2LA1d8b0OE95mFckEoRO/aysuWNsb54vgNlmKHk3lOk5aRGLgp7IdvueYaFedVwHaGb16frIXf2o3iQsQExj3zU5UNfOSzHOtCg/SLHV1hyd1UWT8p5AGKfs7OST0Bec7EN++gUQnbY5z8d6kwoVA8K1aJKYdetdkhprHJcYROitFFvSG151P0gXCGvO9LrCglYki2WGVzzBIL6IxDcGgloYmVJwUJ7mjnHNDM5ZYVonLE5c/0KgPJiQ2YiRM4usGbf2LvI0yKnKjJxcKQUVkzv55hx8f5DuWpnKHc3wYpE/kAcCEu0NT5SD+48GaFT+fSJyldVXsETIAx marko@skynet",
            "vars": null
          }
        }
      ]
    },
    {
      "mode": "data",
      "type": "template_file",
      "name": "userdata-home-k8s-worker-generic-1",
      "provider": "provider.template",
      "instances": [
        {
          "schema_version": 0,
          "attributes": {
            "filename": null,
            "id": "48df72926a3552876cb9295d275a26c3e71bcc424c13a13978d24a91d4d64e16",
            "rendered": "#cloud-config\ngrowpart:\n  mode: auto\n  devices: ['/']\nssh_pwauth: False\nssh_authorized_keys:\n    - ssh-rsa AAAAB3NzaC1yc2EAAAADAQABAAABAQC6riKTFW2LA1d8b0OE95mFckEoRO/aysuWNsb54vgNlmKHk3lOk5aRGLgp7IdvueYaFedVwHaGb16frIXf2o3iQsQExj3zU5UNfOSzHOtCg/SLHV1hyd1UWT8p5AGKfs7OST0Bec7EN++gUQnbY5z8d6kwoVA8K1aJKYdetdkhprHJcYROitFFvSG151P0gXCGvO9LrCglYki2WGVzzBIL6IxDcGgloYmVJwUJ7mjnHNDM5ZYVonLE5c/0KgPJiQ2YiRM4usGbf2LvI0yKnKjJxcKQUVkzv55hx8f5DuWpnKHc3wYpE/kAcCEu0NT5SD+48GaFT+fSJyldVXsETIAx marko@skynet",
            "template": "#cloud-config\ngrowpart:\n  mode: auto\n  devices: ['/']\nssh_pwauth: False\nssh_authorized_keys:\n    - ssh-rsa AAAAB3NzaC1yc2EAAAADAQABAAABAQC6riKTFW2LA1d8b0OE95mFckEoRO/aysuWNsb54vgNlmKHk3lOk5aRGLgp7IdvueYaFedVwHaGb16frIXf2o3iQsQExj3zU5UNfOSzHOtCg/SLHV1hyd1UWT8p5AGKfs7OST0Bec7EN++gUQnbY5z8d6kwoVA8K1aJKYdetdkhprHJcYROitFFvSG151P0gXCGvO9LrCglYki2WGVzzBIL6IxDcGgloYmVJwUJ7mjnHNDM5ZYVonLE5c/0KgPJiQ2YiRM4usGbf2LvI0yKnKjJxcKQUVkzv55hx8f5DuWpnKHc3wYpE/kAcCEu0NT5SD+48GaFT+fSJyldVXsETIAx marko@skynet",
            "vars": null
          }
        }
      ]
    },
    {
      "mode": "data",
      "type": "template_file",
      "name": "userdata-home-k8s-worker-generic-2",
      "provider": "provider.template",
      "instances": [
        {
          "schema_version": 0,
          "attributes": {
            "filename": null,
            "id": "48df72926a3552876cb9295d275a26c3e71bcc424c13a13978d24a91d4d64e16",
            "rendered": "#cloud-config\ngrowpart:\n  mode: auto\n  devices: ['/']\nssh_pwauth: False\nssh_authorized_keys:\n    - ssh-rsa AAAAB3NzaC1yc2EAAAADAQABAAABAQC6riKTFW2LA1d8b0OE95mFckEoRO/aysuWNsb54vgNlmKHk3lOk5aRGLgp7IdvueYaFedVwHaGb16frIXf2o3iQsQExj3zU5UNfOSzHOtCg/SLHV1hyd1UWT8p5AGKfs7OST0Bec7EN++gUQnbY5z8d6kwoVA8K1aJKYdetdkhprHJcYROitFFvSG151P0gXCGvO9LrCglYki2WGVzzBIL6IxDcGgloYmVJwUJ7mjnHNDM5ZYVonLE5c/0KgPJiQ2YiRM4usGbf2LvI0yKnKjJxcKQUVkzv55hx8f5DuWpnKHc3wYpE/kAcCEu0NT5SD+48GaFT+fSJyldVXsETIAx marko@skynet",
            "template": "#cloud-config\ngrowpart:\n  mode: auto\n  devices: ['/']\nssh_pwauth: False\nssh_authorized_keys:\n    - ssh-rsa AAAAB3NzaC1yc2EAAAADAQABAAABAQC6riKTFW2LA1d8b0OE95mFckEoRO/aysuWNsb54vgNlmKHk3lOk5aRGLgp7IdvueYaFedVwHaGb16frIXf2o3iQsQExj3zU5UNfOSzHOtCg/SLHV1hyd1UWT8p5AGKfs7OST0Bec7EN++gUQnbY5z8d6kwoVA8K1aJKYdetdkhprHJcYROitFFvSG151P0gXCGvO9LrCglYki2WGVzzBIL6IxDcGgloYmVJwUJ7mjnHNDM5ZYVonLE5c/0KgPJiQ2YiRM4usGbf2LvI0yKnKjJxcKQUVkzv55hx8f5DuWpnKHc3wYpE/kAcCEu0NT5SD+48GaFT+fSJyldVXsETIAx marko@skynet",
            "vars": null
          }
        }
      ]
    },
    {
      "mode": "data",
      "type": "template_file",
      "name": "userdata-home-k8s-worker-storage-0",
      "provider": "provider.template",
      "instances": [
        {
          "schema_version": 0,
          "attributes": {
            "filename": null,
            "id": "48df72926a3552876cb9295d275a26c3e71bcc424c13a13978d24a91d4d64e16",
            "rendered": "#cloud-config\ngrowpart:\n  mode: auto\n  devices: ['/']\nssh_pwauth: False\nssh_authorized_keys:\n    - ssh-rsa AAAAB3NzaC1yc2EAAAADAQABAAABAQC6riKTFW2LA1d8b0OE95mFckEoRO/aysuWNsb54vgNlmKHk3lOk5aRGLgp7IdvueYaFedVwHaGb16frIXf2o3iQsQExj3zU5UNfOSzHOtCg/SLHV1hyd1UWT8p5AGKfs7OST0Bec7EN++gUQnbY5z8d6kwoVA8K1aJKYdetdkhprHJcYROitFFvSG151P0gXCGvO9LrCglYki2WGVzzBIL6IxDcGgloYmVJwUJ7mjnHNDM5ZYVonLE5c/0KgPJiQ2YiRM4usGbf2LvI0yKnKjJxcKQUVkzv55hx8f5DuWpnKHc3wYpE/kAcCEu0NT5SD+48GaFT+fSJyldVXsETIAx marko@skynet",
            "template": "#cloud-config\ngrowpart:\n  mode: auto\n  devices: ['/']\nssh_pwauth: False\nssh_authorized_keys:\n    - ssh-rsa AAAAB3NzaC1yc2EAAAADAQABAAABAQC6riKTFW2LA1d8b0OE95mFckEoRO/aysuWNsb54vgNlmKHk3lOk5aRGLgp7IdvueYaFedVwHaGb16frIXf2o3iQsQExj3zU5UNfOSzHOtCg/SLHV1hyd1UWT8p5AGKfs7OST0Bec7EN++gUQnbY5z8d6kwoVA8K1aJKYdetdkhprHJcYROitFFvSG151P0gXCGvO9LrCglYki2WGVzzBIL6IxDcGgloYmVJwUJ7mjnHNDM5ZYVonLE5c/0KgPJiQ2YiRM4usGbf2LvI0yKnKjJxcKQUVkzv55hx8f5DuWpnKHc3wYpE/kAcCEu0NT5SD+48GaFT+fSJyldVXsETIAx marko@skynet",
            "vars": null
          }
        }
      ]
    },
    {
      "mode": "data",
      "type": "template_file",
      "name": "userdata-home-k8s-worker-storage-1",
      "provider": "provider.template",
      "instances": [
        {
          "schema_version": 0,
          "attributes": {
            "filename": null,
            "id": "48df72926a3552876cb9295d275a26c3e71bcc424c13a13978d24a91d4d64e16",
            "rendered": "#cloud-config\ngrowpart:\n  mode: auto\n  devices: ['/']\nssh_pwauth: False\nssh_authorized_keys:\n    - ssh-rsa AAAAB3NzaC1yc2EAAAADAQABAAABAQC6riKTFW2LA1d8b0OE95mFckEoRO/aysuWNsb54vgNlmKHk3lOk5aRGLgp7IdvueYaFedVwHaGb16frIXf2o3iQsQExj3zU5UNfOSzHOtCg/SLHV1hyd1UWT8p5AGKfs7OST0Bec7EN++gUQnbY5z8d6kwoVA8K1aJKYdetdkhprHJcYROitFFvSG151P0gXCGvO9LrCglYki2WGVzzBIL6IxDcGgloYmVJwUJ7mjnHNDM5ZYVonLE5c/0KgPJiQ2YiRM4usGbf2LvI0yKnKjJxcKQUVkzv55hx8f5DuWpnKHc3wYpE/kAcCEu0NT5SD+48GaFT+fSJyldVXsETIAx marko@skynet",
            "template": "#cloud-config\ngrowpart:\n  mode: auto\n  devices: ['/']\nssh_pwauth: False\nssh_authorized_keys:\n    - ssh-rsa AAAAB3NzaC1yc2EAAAADAQABAAABAQC6riKTFW2LA1d8b0OE95mFckEoRO/aysuWNsb54vgNlmKHk3lOk5aRGLgp7IdvueYaFedVwHaGb16frIXf2o3iQsQExj3zU5UNfOSzHOtCg/SLHV1hyd1UWT8p5AGKfs7OST0Bec7EN++gUQnbY5z8d6kwoVA8K1aJKYdetdkhprHJcYROitFFvSG151P0gXCGvO9LrCglYki2WGVzzBIL6IxDcGgloYmVJwUJ7mjnHNDM5ZYVonLE5c/0KgPJiQ2YiRM4usGbf2LvI0yKnKjJxcKQUVkzv55hx8f5DuWpnKHc3wYpE/kAcCEu0NT5SD+48GaFT+fSJyldVXsETIAx marko@skynet",
            "vars": null
          }
        }
      ]
    },
    {
      "mode": "data",
      "type": "template_file",
      "name": "userdata-home-k8s-worker-storage-2",
      "provider": "provider.template",
      "instances": [
        {
          "schema_version": 0,
          "attributes": {
            "filename": null,
            "id": "48df72926a3552876cb9295d275a26c3e71bcc424c13a13978d24a91d4d64e16",
            "rendered": "#cloud-config\ngrowpart:\n  mode: auto\n  devices: ['/']\nssh_pwauth: False\nssh_authorized_keys:\n    - ssh-rsa AAAAB3NzaC1yc2EAAAADAQABAAABAQC6riKTFW2LA1d8b0OE95mFckEoRO/aysuWNsb54vgNlmKHk3lOk5aRGLgp7IdvueYaFedVwHaGb16frIXf2o3iQsQExj3zU5UNfOSzHOtCg/SLHV1hyd1UWT8p5AGKfs7OST0Bec7EN++gUQnbY5z8d6kwoVA8K1aJKYdetdkhprHJcYROitFFvSG151P0gXCGvO9LrCglYki2WGVzzBIL6IxDcGgloYmVJwUJ7mjnHNDM5ZYVonLE5c/0KgPJiQ2YiRM4usGbf2LvI0yKnKjJxcKQUVkzv55hx8f5DuWpnKHc3wYpE/kAcCEu0NT5SD+48GaFT+fSJyldVXsETIAx marko@skynet",
            "template": "#cloud-config\ngrowpart:\n  mode: auto\n  devices: ['/']\nssh_pwauth: False\nssh_authorized_keys:\n    - ssh-rsa AAAAB3NzaC1yc2EAAAADAQABAAABAQC6riKTFW2LA1d8b0OE95mFckEoRO/aysuWNsb54vgNlmKHk3lOk5aRGLgp7IdvueYaFedVwHaGb16frIXf2o3iQsQExj3zU5UNfOSzHOtCg/SLHV1hyd1UWT8p5AGKfs7OST0Bec7EN++gUQnbY5z8d6kwoVA8K1aJKYdetdkhprHJcYROitFFvSG151P0gXCGvO9LrCglYki2WGVzzBIL6IxDcGgloYmVJwUJ7mjnHNDM5ZYVonLE5c/0KgPJiQ2YiRM4usGbf2LvI0yKnKjJxcKQUVkzv55hx8f5DuWpnKHc3wYpE/kAcCEu0NT5SD+48GaFT+fSJyldVXsETIAx marko@skynet",
            "vars": null
          }
        }
      ]
    },
    {
      "mode": "data",
      "type": "template_file",
      "name": "userdata-home-lb-dns-0",
      "provider": "provider.template",
      "instances": [
        {
          "schema_version": 0,
          "attributes": {
            "filename": null,
            "id": "48df72926a3552876cb9295d275a26c3e71bcc424c13a13978d24a91d4d64e16",
            "rendered": "#cloud-config\ngrowpart:\n  mode: auto\n  devices: ['/']\nssh_pwauth: False\nssh_authorized_keys:\n    - ssh-rsa AAAAB3NzaC1yc2EAAAADAQABAAABAQC6riKTFW2LA1d8b0OE95mFckEoRO/aysuWNsb54vgNlmKHk3lOk5aRGLgp7IdvueYaFedVwHaGb16frIXf2o3iQsQExj3zU5UNfOSzHOtCg/SLHV1hyd1UWT8p5AGKfs7OST0Bec7EN++gUQnbY5z8d6kwoVA8K1aJKYdetdkhprHJcYROitFFvSG151P0gXCGvO9LrCglYki2WGVzzBIL6IxDcGgloYmVJwUJ7mjnHNDM5ZYVonLE5c/0KgPJiQ2YiRM4usGbf2LvI0yKnKjJxcKQUVkzv55hx8f5DuWpnKHc3wYpE/kAcCEu0NT5SD+48GaFT+fSJyldVXsETIAx marko@skynet",
            "template": "#cloud-config\ngrowpart:\n  mode: auto\n  devices: ['/']\nssh_pwauth: False\nssh_authorized_keys:\n    - ssh-rsa AAAAB3NzaC1yc2EAAAADAQABAAABAQC6riKTFW2LA1d8b0OE95mFckEoRO/aysuWNsb54vgNlmKHk3lOk5aRGLgp7IdvueYaFedVwHaGb16frIXf2o3iQsQExj3zU5UNfOSzHOtCg/SLHV1hyd1UWT8p5AGKfs7OST0Bec7EN++gUQnbY5z8d6kwoVA8K1aJKYdetdkhprHJcYROitFFvSG151P0gXCGvO9LrCglYki2WGVzzBIL6IxDcGgloYmVJwUJ7mjnHNDM5ZYVonLE5c/0KgPJiQ2YiRM4usGbf2LvI0yKnKjJxcKQUVkzv55hx8f5DuWpnKHc3wYpE/kAcCEu0NT5SD+48GaFT+fSJyldVXsETIAx marko@skynet",
            "vars": null
          }
        }
      ]
    },
    {
      "mode": "data",
      "type": "template_file",
      "name": "userdata-home-mirror-0",
      "provider": "provider.template",
      "instances": [
        {
          "schema_version": 0,
          "attributes": {
            "filename": null,
            "id": "48df72926a3552876cb9295d275a26c3e71bcc424c13a13978d24a91d4d64e16",
            "rendered": "#cloud-config\ngrowpart:\n  mode: auto\n  devices: ['/']\nssh_pwauth: False\nssh_authorized_keys:\n    - ssh-rsa AAAAB3NzaC1yc2EAAAADAQABAAABAQC6riKTFW2LA1d8b0OE95mFckEoRO/aysuWNsb54vgNlmKHk3lOk5aRGLgp7IdvueYaFedVwHaGb16frIXf2o3iQsQExj3zU5UNfOSzHOtCg/SLHV1hyd1UWT8p5AGKfs7OST0Bec7EN++gUQnbY5z8d6kwoVA8K1aJKYdetdkhprHJcYROitFFvSG151P0gXCGvO9LrCglYki2WGVzzBIL6IxDcGgloYmVJwUJ7mjnHNDM5ZYVonLE5c/0KgPJiQ2YiRM4usGbf2LvI0yKnKjJxcKQUVkzv55hx8f5DuWpnKHc3wYpE/kAcCEu0NT5SD+48GaFT+fSJyldVXsETIAx marko@skynet",
            "template": "#cloud-config\ngrowpart:\n  mode: auto\n  devices: ['/']\nssh_pwauth: False\nssh_authorized_keys:\n    - ssh-rsa AAAAB3NzaC1yc2EAAAADAQABAAABAQC6riKTFW2LA1d8b0OE95mFckEoRO/aysuWNsb54vgNlmKHk3lOk5aRGLgp7IdvueYaFedVwHaGb16frIXf2o3iQsQExj3zU5UNfOSzHOtCg/SLHV1hyd1UWT8p5AGKfs7OST0Bec7EN++gUQnbY5z8d6kwoVA8K1aJKYdetdkhprHJcYROitFFvSG151P0gXCGvO9LrCglYki2WGVzzBIL6IxDcGgloYmVJwUJ7mjnHNDM5ZYVonLE5c/0KgPJiQ2YiRM4usGbf2LvI0yKnKjJxcKQUVkzv55hx8f5DuWpnKHc3wYpE/kAcCEu0NT5SD+48GaFT+fSJyldVXsETIAx marko@skynet",
            "vars": null
          }
        }
      ]
    },
    {
      "mode": "data",
      "type": "template_file",
      "name": "userdata-home-registry-0",
      "provider": "provider.template",
      "instances": [
        {
          "schema_version": 0,
          "attributes": {
            "filename": null,
            "id": "48df72926a3552876cb9295d275a26c3e71bcc424c13a13978d24a91d4d64e16",
            "rendered": "#cloud-config\ngrowpart:\n  mode: auto\n  devices: ['/']\nssh_pwauth: False\nssh_authorized_keys:\n    - ssh-rsa AAAAB3NzaC1yc2EAAAADAQABAAABAQC6riKTFW2LA1d8b0OE95mFckEoRO/aysuWNsb54vgNlmKHk3lOk5aRGLgp7IdvueYaFedVwHaGb16frIXf2o3iQsQExj3zU5UNfOSzHOtCg/SLHV1hyd1UWT8p5AGKfs7OST0Bec7EN++gUQnbY5z8d6kwoVA8K1aJKYdetdkhprHJcYROitFFvSG151P0gXCGvO9LrCglYki2WGVzzBIL6IxDcGgloYmVJwUJ7mjnHNDM5ZYVonLE5c/0KgPJiQ2YiRM4usGbf2LvI0yKnKjJxcKQUVkzv55hx8f5DuWpnKHc3wYpE/kAcCEu0NT5SD+48GaFT+fSJyldVXsETIAx marko@skynet",
            "template": "#cloud-config\ngrowpart:\n  mode: auto\n  devices: ['/']\nssh_pwauth: False\nssh_authorized_keys:\n    - ssh-rsa AAAAB3NzaC1yc2EAAAADAQABAAABAQC6riKTFW2LA1d8b0OE95mFckEoRO/aysuWNsb54vgNlmKHk3lOk5aRGLgp7IdvueYaFedVwHaGb16frIXf2o3iQsQExj3zU5UNfOSzHOtCg/SLHV1hyd1UWT8p5AGKfs7OST0Bec7EN++gUQnbY5z8d6kwoVA8K1aJKYdetdkhprHJcYROitFFvSG151P0gXCGvO9LrCglYki2WGVzzBIL6IxDcGgloYmVJwUJ7mjnHNDM5ZYVonLE5c/0KgPJiQ2YiRM4usGbf2LvI0yKnKjJxcKQUVkzv55hx8f5DuWpnKHc3wYpE/kAcCEu0NT5SD+48GaFT+fSJyldVXsETIAx marko@skynet",
            "vars": null
          }
        }
      ]
    },
    {
      "mode": "managed",
      "type": "libvirt_cloudinit_disk",
      "name": "home-k8s-controller-0-cloudinit",
      "provider": "provider.libvirt",
      "instances": [
        {
          "schema_version": 0,
          "attributes": {
            "id": "/var/lib/libvirt/images/disk-drives/home-k8s-controller-0-cloudinit.iso;5d8bcbd9-50c1-11c6-e5e4-1bda7aa67494",
            "meta_data": "instance-id: home-k8s-controller-0\nlocal-hostname: home-k8s-controller-0",
            "name": "home-k8s-controller-0-cloudinit.iso",
            "network_config": "",
            "pool": "disk-drives",
            "user_data": "#cloud-config\ngrowpart:\n  mode: auto\n  devices: ['/']\nssh_pwauth: False\nssh_authorized_keys:\n    - ssh-rsa AAAAB3NzaC1yc2EAAAADAQABAAABAQC6riKTFW2LA1d8b0OE95mFckEoRO/aysuWNsb54vgNlmKHk3lOk5aRGLgp7IdvueYaFedVwHaGb16frIXf2o3iQsQExj3zU5UNfOSzHOtCg/SLHV1hyd1UWT8p5AGKfs7OST0Bec7EN++gUQnbY5z8d6kwoVA8K1aJKYdetdkhprHJcYROitFFvSG151P0gXCGvO9LrCglYki2WGVzzBIL6IxDcGgloYmVJwUJ7mjnHNDM5ZYVonLE5c/0KgPJiQ2YiRM4usGbf2LvI0yKnKjJxcKQUVkzv55hx8f5DuWpnKHc3wYpE/kAcCEu0NT5SD+48GaFT+fSJyldVXsETIAx marko@skynet"
          },
          "depends_on": [
            "data.template_file.metadata-home-k8s-controller-0",
            "data.template_file.userdata-home-k8s-controller-0"
          ]
        }
      ]
    },
    {
      "mode": "managed",
      "type": "libvirt_cloudinit_disk",
      "name": "home-k8s-controller-1-cloudinit",
      "provider": "provider.libvirt",
      "instances": [
        {
          "schema_version": 0,
          "attributes": {
            "id": "/var/lib/libvirt/images/disk-drives/home-k8s-controller-1-cloudinit.iso;5d8bcc75-a4f4-57f9-8375-fb82e6a15e37",
            "meta_data": "instance-id: home-k8s-controller-1\nlocal-hostname: home-k8s-controller-1",
            "name": "home-k8s-controller-1-cloudinit.iso",
            "network_config": "",
            "pool": "disk-drives",
            "user_data": "#cloud-config\ngrowpart:\n  mode: auto\n  devices: ['/']\nssh_pwauth: False\nssh_authorized_keys:\n    - ssh-rsa AAAAB3NzaC1yc2EAAAADAQABAAABAQC6riKTFW2LA1d8b0OE95mFckEoRO/aysuWNsb54vgNlmKHk3lOk5aRGLgp7IdvueYaFedVwHaGb16frIXf2o3iQsQExj3zU5UNfOSzHOtCg/SLHV1hyd1UWT8p5AGKfs7OST0Bec7EN++gUQnbY5z8d6kwoVA8K1aJKYdetdkhprHJcYROitFFvSG151P0gXCGvO9LrCglYki2WGVzzBIL6IxDcGgloYmVJwUJ7mjnHNDM5ZYVonLE5c/0KgPJiQ2YiRM4usGbf2LvI0yKnKjJxcKQUVkzv55hx8f5DuWpnKHc3wYpE/kAcCEu0NT5SD+48GaFT+fSJyldVXsETIAx marko@skynet"
          },
          "depends_on": [
            "data.template_file.metadata-home-k8s-controller-1",
            "data.template_file.userdata-home-k8s-controller-1"
          ]
        }
      ]
    },
    {
      "mode": "managed",
      "type": "libvirt_cloudinit_disk",
      "name": "home-k8s-controller-2-cloudinit",
      "provider": "provider.libvirt",
      "instances": [
        {
          "schema_version": 0,
          "attributes": {
            "id": "/var/lib/libvirt/images/disk-drives/home-k8s-controller-2-cloudinit.iso;5d8bcd0f-d17b-037f-8aaa-4237e5e3be1f",
            "meta_data": "instance-id: home-k8s-controller-2\nlocal-hostname: home-k8s-controller-2",
            "name": "home-k8s-controller-2-cloudinit.iso",
            "network_config": "",
            "pool": "disk-drives",
            "user_data": "#cloud-config\ngrowpart:\n  mode: auto\n  devices: ['/']\nssh_pwauth: False\nssh_authorized_keys:\n    - ssh-rsa AAAAB3NzaC1yc2EAAAADAQABAAABAQC6riKTFW2LA1d8b0OE95mFckEoRO/aysuWNsb54vgNlmKHk3lOk5aRGLgp7IdvueYaFedVwHaGb16frIXf2o3iQsQExj3zU5UNfOSzHOtCg/SLHV1hyd1UWT8p5AGKfs7OST0Bec7EN++gUQnbY5z8d6kwoVA8K1aJKYdetdkhprHJcYROitFFvSG151P0gXCGvO9LrCglYki2WGVzzBIL6IxDcGgloYmVJwUJ7mjnHNDM5ZYVonLE5c/0KgPJiQ2YiRM4usGbf2LvI0yKnKjJxcKQUVkzv55hx8f5DuWpnKHc3wYpE/kAcCEu0NT5SD+48GaFT+fSJyldVXsETIAx marko@skynet"
          },
          "depends_on": [
            "data.template_file.metadata-home-k8s-controller-2",
            "data.template_file.userdata-home-k8s-controller-2"
          ]
        }
      ]
    },
    {
      "mode": "managed",
      "type": "libvirt_cloudinit_disk",
      "name": "home-k8s-worker-generic-0-cloudinit",
      "provider": "provider.libvirt",
      "instances": [
        {
          "schema_version": 0,
          "attributes": {
            "id": "/var/lib/libvirt/images/disk-drives/home-k8s-worker-generic-0-cloudinit.iso;5d8bccc3-3b1a-2c11-6921-071c21458815",
            "meta_data": "instance-id: home-k8s-worker-generic-0\nlocal-hostname: home-k8s-worker-generic-0",
            "name": "home-k8s-worker-generic-0-cloudinit.iso",
            "network_config": "",
            "pool": "disk-drives",
            "user_data": "#cloud-config\ngrowpart:\n  mode: auto\n  devices: ['/']\nssh_pwauth: False\nssh_authorized_keys:\n    - ssh-rsa AAAAB3NzaC1yc2EAAAADAQABAAABAQC6riKTFW2LA1d8b0OE95mFckEoRO/aysuWNsb54vgNlmKHk3lOk5aRGLgp7IdvueYaFedVwHaGb16frIXf2o3iQsQExj3zU5UNfOSzHOtCg/SLHV1hyd1UWT8p5AGKfs7OST0Bec7EN++gUQnbY5z8d6kwoVA8K1aJKYdetdkhprHJcYROitFFvSG151P0gXCGvO9LrCglYki2WGVzzBIL6IxDcGgloYmVJwUJ7mjnHNDM5ZYVonLE5c/0KgPJiQ2YiRM4usGbf2LvI0yKnKjJxcKQUVkzv55hx8f5DuWpnKHc3wYpE/kAcCEu0NT5SD+48GaFT+fSJyldVXsETIAx marko@skynet"
          },
          "depends_on": [
            "data.template_file.metadata-home-k8s-worker-generic-0",
            "data.template_file.userdata-home-k8s-worker-generic-0"
          ]
        }
      ]
    },
    {
      "mode": "managed",
      "type": "libvirt_cloudinit_disk",
      "name": "home-k8s-worker-generic-1-cloudinit",
      "provider": "provider.libvirt",
      "instances": [
        {
          "schema_version": 0,
          "attributes": {
            "id": "/var/lib/libvirt/images/disk-drives/home-k8s-worker-generic-1-cloudinit.iso;5d8bccc3-033d-a14d-1432-555f8b25225f",
            "meta_data": "instance-id: home-k8s-worker-generic-1\nlocal-hostname: home-k8s-worker-generic-1",
            "name": "home-k8s-worker-generic-1-cloudinit.iso",
            "network_config": "",
            "pool": "disk-drives",
            "user_data": "#cloud-config\ngrowpart:\n  mode: auto\n  devices: ['/']\nssh_pwauth: False\nssh_authorized_keys:\n    - ssh-rsa AAAAB3NzaC1yc2EAAAADAQABAAABAQC6riKTFW2LA1d8b0OE95mFckEoRO/aysuWNsb54vgNlmKHk3lOk5aRGLgp7IdvueYaFedVwHaGb16frIXf2o3iQsQExj3zU5UNfOSzHOtCg/SLHV1hyd1UWT8p5AGKfs7OST0Bec7EN++gUQnbY5z8d6kwoVA8K1aJKYdetdkhprHJcYROitFFvSG151P0gXCGvO9LrCglYki2WGVzzBIL6IxDcGgloYmVJwUJ7mjnHNDM5ZYVonLE5c/0KgPJiQ2YiRM4usGbf2LvI0yKnKjJxcKQUVkzv55hx8f5DuWpnKHc3wYpE/kAcCEu0NT5SD+48GaFT+fSJyldVXsETIAx marko@skynet"
          },
          "depends_on": [
            "data.template_file.metadata-home-k8s-worker-generic-1",
            "data.template_file.userdata-home-k8s-worker-generic-1"
          ]
        }
      ]
    },
    {
      "mode": "managed",
      "type": "libvirt_cloudinit_disk",
      "name": "home-k8s-worker-generic-2-cloudinit",
      "provider": "provider.libvirt",
      "instances": [
        {
          "schema_version": 0,
          "attributes": {
            "id": "/var/lib/libvirt/images/disk-drives/home-k8s-worker-generic-2-cloudinit.iso;5d8bcbd9-52a3-2b3b-6a28-68505242243c",
            "meta_data": "instance-id: home-k8s-worker-generic-2\nlocal-hostname: home-k8s-worker-generic-2",
            "name": "home-k8s-worker-generic-2-cloudinit.iso",
            "network_config": "",
            "pool": "disk-drives",
            "user_data": "#cloud-config\ngrowpart:\n  mode: auto\n  devices: ['/']\nssh_pwauth: False\nssh_authorized_keys:\n    - ssh-rsa AAAAB3NzaC1yc2EAAAADAQABAAABAQC6riKTFW2LA1d8b0OE95mFckEoRO/aysuWNsb54vgNlmKHk3lOk5aRGLgp7IdvueYaFedVwHaGb16frIXf2o3iQsQExj3zU5UNfOSzHOtCg/SLHV1hyd1UWT8p5AGKfs7OST0Bec7EN++gUQnbY5z8d6kwoVA8K1aJKYdetdkhprHJcYROitFFvSG151P0gXCGvO9LrCglYki2WGVzzBIL6IxDcGgloYmVJwUJ7mjnHNDM5ZYVonLE5c/0KgPJiQ2YiRM4usGbf2LvI0yKnKjJxcKQUVkzv55hx8f5DuWpnKHc3wYpE/kAcCEu0NT5SD+48GaFT+fSJyldVXsETIAx marko@skynet"
          },
          "depends_on": [
            "data.template_file.metadata-home-k8s-worker-generic-2",
            "data.template_file.userdata-home-k8s-worker-generic-2"
          ]
        }
      ]
    },
    {
      "mode": "managed",
      "type": "libvirt_cloudinit_disk",
      "name": "home-k8s-worker-storage-0-cloudinit",
      "provider": "provider.libvirt",
      "instances": [
        {
          "schema_version": 0,
          "attributes": {
            "id": "/var/lib/libvirt/images/disk-drives/home-k8s-worker-storage-0-cloudinit.iso;5d8bcd1d-0435-9c51-bc3c-7d3f4b0a77c6",
            "meta_data": "instance-id: home-k8s-worker-storage-0\nlocal-hostname: home-k8s-worker-storage-0",
            "name": "home-k8s-worker-storage-0-cloudinit.iso",
            "network_config": "",
            "pool": "disk-drives",
            "user_data": "#cloud-config\ngrowpart:\n  mode: auto\n  devices: ['/']\nssh_pwauth: False\nssh_authorized_keys:\n    - ssh-rsa AAAAB3NzaC1yc2EAAAADAQABAAABAQC6riKTFW2LA1d8b0OE95mFckEoRO/aysuWNsb54vgNlmKHk3lOk5aRGLgp7IdvueYaFedVwHaGb16frIXf2o3iQsQExj3zU5UNfOSzHOtCg/SLHV1hyd1UWT8p5AGKfs7OST0Bec7EN++gUQnbY5z8d6kwoVA8K1aJKYdetdkhprHJcYROitFFvSG151P0gXCGvO9LrCglYki2WGVzzBIL6IxDcGgloYmVJwUJ7mjnHNDM5ZYVonLE5c/0KgPJiQ2YiRM4usGbf2LvI0yKnKjJxcKQUVkzv55hx8f5DuWpnKHc3wYpE/kAcCEu0NT5SD+48GaFT+fSJyldVXsETIAx marko@skynet"
          },
          "depends_on": [
            "data.template_file.metadata-home-k8s-worker-storage-0",
            "data.template_file.userdata-home-k8s-worker-storage-0"
          ]
        }
      ]
    },
    {
      "mode": "managed",
      "type": "libvirt_cloudinit_disk",
      "name": "home-k8s-worker-storage-1-cloudinit",
      "provider": "provider.libvirt",
      "instances": [
        {
          "schema_version": 0,
          "attributes": {
            "id": "/var/lib/libvirt/images/disk-drives/home-k8s-worker-storage-1-cloudinit.iso;5d8bcbd9-8a31-b2eb-1795-8796b630162a",
            "meta_data": "instance-id: home-k8s-worker-storage-1\nlocal-hostname: home-k8s-worker-storage-1",
            "name": "home-k8s-worker-storage-1-cloudinit.iso",
            "network_config": "",
            "pool": "disk-drives",
            "user_data": "#cloud-config\ngrowpart:\n  mode: auto\n  devices: ['/']\nssh_pwauth: False\nssh_authorized_keys:\n    - ssh-rsa AAAAB3NzaC1yc2EAAAADAQABAAABAQC6riKTFW2LA1d8b0OE95mFckEoRO/aysuWNsb54vgNlmKHk3lOk5aRGLgp7IdvueYaFedVwHaGb16frIXf2o3iQsQExj3zU5UNfOSzHOtCg/SLHV1hyd1UWT8p5AGKfs7OST0Bec7EN++gUQnbY5z8d6kwoVA8K1aJKYdetdkhprHJcYROitFFvSG151P0gXCGvO9LrCglYki2WGVzzBIL6IxDcGgloYmVJwUJ7mjnHNDM5ZYVonLE5c/0KgPJiQ2YiRM4usGbf2LvI0yKnKjJxcKQUVkzv55hx8f5DuWpnKHc3wYpE/kAcCEu0NT5SD+48GaFT+fSJyldVXsETIAx marko@skynet"
          },
          "depends_on": [
            "data.template_file.metadata-home-k8s-worker-storage-1",
            "data.template_file.userdata-home-k8s-worker-storage-1"
          ]
        }
      ]
    },
    {
      "mode": "managed",
      "type": "libvirt_cloudinit_disk",
      "name": "home-k8s-worker-storage-2-cloudinit",
      "provider": "provider.libvirt",
      "instances": [
        {
          "schema_version": 0,
          "attributes": {
            "id": "/var/lib/libvirt/images/disk-drives/home-k8s-worker-storage-2-cloudinit.iso;5d8bccc3-7ac9-84ef-feb6-c2cb82f1147f",
            "meta_data": "instance-id: home-k8s-worker-storage-2\nlocal-hostname: home-k8s-worker-storage-2",
            "name": "home-k8s-worker-storage-2-cloudinit.iso",
            "network_config": "",
            "pool": "disk-drives",
            "user_data": "#cloud-config\ngrowpart:\n  mode: auto\n  devices: ['/']\nssh_pwauth: False\nssh_authorized_keys:\n    - ssh-rsa AAAAB3NzaC1yc2EAAAADAQABAAABAQC6riKTFW2LA1d8b0OE95mFckEoRO/aysuWNsb54vgNlmKHk3lOk5aRGLgp7IdvueYaFedVwHaGb16frIXf2o3iQsQExj3zU5UNfOSzHOtCg/SLHV1hyd1UWT8p5AGKfs7OST0Bec7EN++gUQnbY5z8d6kwoVA8K1aJKYdetdkhprHJcYROitFFvSG151P0gXCGvO9LrCglYki2WGVzzBIL6IxDcGgloYmVJwUJ7mjnHNDM5ZYVonLE5c/0KgPJiQ2YiRM4usGbf2LvI0yKnKjJxcKQUVkzv55hx8f5DuWpnKHc3wYpE/kAcCEu0NT5SD+48GaFT+fSJyldVXsETIAx marko@skynet"
          },
          "depends_on": [
            "data.template_file.metadata-home-k8s-worker-storage-2",
            "data.template_file.userdata-home-k8s-worker-storage-2"
          ]
        }
      ]
    },
    {
      "mode": "managed",
      "type": "libvirt_cloudinit_disk",
      "name": "home-lb-dns-0-cloudinit",
      "provider": "provider.libvirt",
      "instances": [
        {
          "schema_version": 0,
          "attributes": {
            "id": "/var/lib/libvirt/images/disk-drives/home-lb-dns-0-cloudinit.iso;5d8bcbd9-0d8d-7e82-b7e9-33a28ded75b8",
            "meta_data": "instance-id: home-lb-dns-0\nlocal-hostname: home-lb-dns-0",
            "name": "home-lb-dns-0-cloudinit.iso",
            "network_config": "",
            "pool": "disk-drives",
            "user_data": "#cloud-config\ngrowpart:\n  mode: auto\n  devices: ['/']\nssh_pwauth: False\nssh_authorized_keys:\n    - ssh-rsa AAAAB3NzaC1yc2EAAAADAQABAAABAQC6riKTFW2LA1d8b0OE95mFckEoRO/aysuWNsb54vgNlmKHk3lOk5aRGLgp7IdvueYaFedVwHaGb16frIXf2o3iQsQExj3zU5UNfOSzHOtCg/SLHV1hyd1UWT8p5AGKfs7OST0Bec7EN++gUQnbY5z8d6kwoVA8K1aJKYdetdkhprHJcYROitFFvSG151P0gXCGvO9LrCglYki2WGVzzBIL6IxDcGgloYmVJwUJ7mjnHNDM5ZYVonLE5c/0KgPJiQ2YiRM4usGbf2LvI0yKnKjJxcKQUVkzv55hx8f5DuWpnKHc3wYpE/kAcCEu0NT5SD+48GaFT+fSJyldVXsETIAx marko@skynet"
          },
          "depends_on": [
            "data.template_file.metadata-home-lb-dns-0",
            "data.template_file.userdata-home-lb-dns-0"
          ]
        }
      ]
    },
    {
      "mode": "managed",
      "type": "libvirt_cloudinit_disk",
      "name": "home-mirror-0-cloudinit",
      "provider": "provider.libvirt",
      "instances": [
        {
          "schema_version": 0,
          "attributes": {
            "id": "/var/lib/libvirt/images/disk-drives/home-mirror-0-cloudinit.iso;5d8bcbd9-e99b-b7aa-f58d-f81accd51e41",
            "meta_data": "instance-id: home-mirror-0\nlocal-hostname: home-mirror-0",
            "name": "home-mirror-0-cloudinit.iso",
            "network_config": "",
            "pool": "disk-drives",
            "user_data": "#cloud-config\ngrowpart:\n  mode: auto\n  devices: ['/']\nssh_pwauth: False\nssh_authorized_keys:\n    - ssh-rsa AAAAB3NzaC1yc2EAAAADAQABAAABAQC6riKTFW2LA1d8b0OE95mFckEoRO/aysuWNsb54vgNlmKHk3lOk5aRGLgp7IdvueYaFedVwHaGb16frIXf2o3iQsQExj3zU5UNfOSzHOtCg/SLHV1hyd1UWT8p5AGKfs7OST0Bec7EN++gUQnbY5z8d6kwoVA8K1aJKYdetdkhprHJcYROitFFvSG151P0gXCGvO9LrCglYki2WGVzzBIL6IxDcGgloYmVJwUJ7mjnHNDM5ZYVonLE5c/0KgPJiQ2YiRM4usGbf2LvI0yKnKjJxcKQUVkzv55hx8f5DuWpnKHc3wYpE/kAcCEu0NT5SD+48GaFT+fSJyldVXsETIAx marko@skynet"
          },
          "depends_on": [
            "data.template_file.metadata-home-mirror-0",
            "data.template_file.userdata-home-mirror-0"
          ]
        }
      ]
    },
    {
      "mode": "managed",
      "type": "libvirt_cloudinit_disk",
      "name": "home-registry-0-cloudinit",
      "provider": "provider.libvirt",
      "instances": [
        {
          "schema_version": 0,
          "attributes": {
            "id": "/var/lib/libvirt/images/disk-drives/home-registry-0-cloudinit.iso;5d8bcc7a-9155-cac0-2227-6dc6a5a5950c",
            "meta_data": "instance-id: home-registry-0\nlocal-hostname: home-registry-0",
            "name": "home-registry-0-cloudinit.iso",
            "network_config": "",
            "pool": "disk-drives",
            "user_data": "#cloud-config\ngrowpart:\n  mode: auto\n  devices: ['/']\nssh_pwauth: False\nssh_authorized_keys:\n    - ssh-rsa AAAAB3NzaC1yc2EAAAADAQABAAABAQC6riKTFW2LA1d8b0OE95mFckEoRO/aysuWNsb54vgNlmKHk3lOk5aRGLgp7IdvueYaFedVwHaGb16frIXf2o3iQsQExj3zU5UNfOSzHOtCg/SLHV1hyd1UWT8p5AGKfs7OST0Bec7EN++gUQnbY5z8d6kwoVA8K1aJKYdetdkhprHJcYROitFFvSG151P0gXCGvO9LrCglYki2WGVzzBIL6IxDcGgloYmVJwUJ7mjnHNDM5ZYVonLE5c/0KgPJiQ2YiRM4usGbf2LvI0yKnKjJxcKQUVkzv55hx8f5DuWpnKHc3wYpE/kAcCEu0NT5SD+48GaFT+fSJyldVXsETIAx marko@skynet"
          },
          "depends_on": [
            "data.template_file.metadata-home-registry-0",
            "data.template_file.userdata-home-registry-0"
          ]
        }
      ]
    },
    {
      "mode": "managed",
      "type": "libvirt_domain",
      "name": "home-k8s-controller-0",
      "provider": "provider.libvirt",
      "instances": [
        {
          "schema_version": 0,
          "attributes": {
            "arch": "x86_64",
            "autostart": false,
            "boot_device": [],
            "cloudinit": "/var/lib/libvirt/images/disk-drives/home-k8s-controller-0-cloudinit.iso;5d8bcbd9-50c1-11c6-e5e4-1bda7aa67494",
            "cmdline": [],
            "console": [],
            "coreos_ignition": null,
            "cpu": null,
            "disk": [
              {
                "file": "",
                "scsi": false,
                "url": "",
                "volume_id": "/var/lib/libvirt/images/disk-drives/home-k8s-controller-0-disk-system.raw",
                "wwn": ""
              }
            ],
            "emulator": "/usr/bin/qemu-system-x86_64",
            "filesystem": [],
            "firmware": "",
            "fw_cfg_name": "opt/com.coreos/config",
            "graphics": [],
            "id": "afa8a20b-23e7-4c32-b9f3-ffd2d37cb0b1",
            "initrd": "",
            "kernel": "",
            "machine": "pc",
            "memory": 2560,
            "metadata": null,
            "name": "home-k8s-controller-0",
            "network_interface": [
              {
                "addresses": [
                  "10.0.240.2"
                ],
                "bridge": "",
                "hostname": "home-k8s-controller-0",
                "mac": "52:54:00:12:34:01",
                "macvtap": "",
                "network_id": "e001be21-20cc-47df-a583-2ada28086799",
                "network_name": "home-core-net",
                "passthrough": "",
                "vepa": "",
                "wait_for_lease": true
              }
            ],
            "nvram": [],
            "qemu_agent": false,
            "running": true,
            "timeouts": null,
            "vcpu": 4,
            "video": [],
            "xml": []
          },
          "depends_on": [
            "libvirt_cloudinit_disk.home-k8s-controller-0-cloudinit",
            "libvirt_network.home-core-net",
            "libvirt_volume.home-k8s-controller-0-disk-system"
          ]
        }
      ]
    },
    {
      "mode": "managed",
      "type": "libvirt_domain",
      "name": "home-k8s-controller-1",
      "provider": "provider.libvirt",
      "instances": [
        {
          "schema_version": 0,
          "attributes": {
            "arch": "x86_64",
            "autostart": false,
            "boot_device": [],
            "cloudinit": "/var/lib/libvirt/images/disk-drives/home-k8s-controller-1-cloudinit.iso;5d8bcc75-a4f4-57f9-8375-fb82e6a15e37",
            "cmdline": [],
            "console": [],
            "coreos_ignition": null,
            "cpu": null,
            "disk": [
              {
                "file": "",
                "scsi": false,
                "url": "",
                "volume_id": "/var/lib/libvirt/images/disk-drives/home-k8s-controller-1-disk-system.raw",
                "wwn": ""
              }
            ],
            "emulator": "/usr/bin/qemu-system-x86_64",
            "filesystem": [],
            "firmware": "",
            "fw_cfg_name": "opt/com.coreos/config",
            "graphics": [],
            "id": "98b296f5-0547-4177-8fb4-a520ab188c47",
            "initrd": "",
            "kernel": "",
            "machine": "pc",
            "memory": 2560,
            "metadata": null,
            "name": "home-k8s-controller-1",
            "network_interface": [
              {
                "addresses": [
                  "10.0.240.3"
                ],
                "bridge": "",
                "hostname": "home-k8s-controller-1",
                "mac": "52:54:00:12:34:02",
                "macvtap": "",
                "network_id": "e001be21-20cc-47df-a583-2ada28086799",
                "network_name": "home-core-net",
                "passthrough": "",
                "vepa": "",
                "wait_for_lease": true
              }
            ],
            "nvram": [],
            "qemu_agent": false,
            "running": true,
            "timeouts": null,
            "vcpu": 4,
            "video": [],
            "xml": []
          },
          "depends_on": [
            "libvirt_cloudinit_disk.home-k8s-controller-1-cloudinit",
            "libvirt_network.home-core-net",
            "libvirt_volume.home-k8s-controller-1-disk-system"
          ]
        }
      ]
    },
    {
      "mode": "managed",
      "type": "libvirt_domain",
      "name": "home-k8s-controller-2",
      "provider": "provider.libvirt",
      "instances": [
        {
          "schema_version": 0,
          "attributes": {
            "arch": "x86_64",
            "autostart": false,
            "boot_device": [],
            "cloudinit": "/var/lib/libvirt/images/disk-drives/home-k8s-controller-2-cloudinit.iso;5d8bcd0f-d17b-037f-8aaa-4237e5e3be1f",
            "cmdline": [],
            "console": [],
            "coreos_ignition": null,
            "cpu": null,
            "disk": [
              {
                "file": "",
                "scsi": false,
                "url": "",
                "volume_id": "/var/lib/libvirt/images/disk-drives/home-k8s-controller-2-disk-system.raw",
                "wwn": ""
              }
            ],
            "emulator": "/usr/bin/qemu-system-x86_64",
            "filesystem": [],
            "firmware": "",
            "fw_cfg_name": "opt/com.coreos/config",
            "graphics": [],
            "id": "8ef60946-f7e9-4c30-8d15-cdeb004b2653",
            "initrd": "",
            "kernel": "",
            "machine": "pc",
            "memory": 2560,
            "metadata": null,
            "name": "home-k8s-controller-2",
            "network_interface": [
              {
                "addresses": [
                  "10.0.240.4"
                ],
                "bridge": "",
                "hostname": "home-k8s-controller-2",
                "mac": "52:54:00:12:34:03",
                "macvtap": "",
                "network_id": "e001be21-20cc-47df-a583-2ada28086799",
                "network_name": "home-core-net",
                "passthrough": "",
                "vepa": "",
                "wait_for_lease": true
              }
            ],
            "nvram": [],
            "qemu_agent": false,
            "running": true,
            "timeouts": null,
            "vcpu": 4,
            "video": [],
            "xml": []
          },
          "depends_on": [
            "libvirt_cloudinit_disk.home-k8s-controller-2-cloudinit",
            "libvirt_network.home-core-net",
            "libvirt_volume.home-k8s-controller-2-disk-system"
          ]
        }
      ]
    },
    {
      "mode": "managed",
      "type": "libvirt_domain",
      "name": "home-k8s-worker-generic-0",
      "provider": "provider.libvirt",
      "instances": [
        {
          "schema_version": 0,
          "attributes": {
            "arch": "x86_64",
            "autostart": false,
            "boot_device": [],
            "cloudinit": "/var/lib/libvirt/images/disk-drives/home-k8s-worker-generic-0-cloudinit.iso;5d8bccc3-3b1a-2c11-6921-071c21458815",
            "cmdline": [],
            "console": [],
            "coreos_ignition": null,
            "cpu": null,
            "disk": [
              {
                "file": "",
                "scsi": false,
                "url": "",
                "volume_id": "/var/lib/libvirt/images/disk-drives/home-k8s-worker-generic-0-disk-system.raw",
                "wwn": ""
              }
            ],
            "emulator": "/usr/bin/qemu-system-x86_64",
            "filesystem": [],
            "firmware": "",
            "fw_cfg_name": "opt/com.coreos/config",
            "graphics": [],
            "id": "7345b5d3-b62a-4b28-8aac-7e5f138f0655",
            "initrd": "",
            "kernel": "",
            "machine": "pc",
            "memory": 10368,
            "metadata": null,
            "name": "home-k8s-worker-generic-0",
            "network_interface": [
              {
                "addresses": [
                  "10.0.240.20"
                ],
                "bridge": "",
                "hostname": "home-k8s-worker-generic-0",
                "mac": "52:54:00:12:35:01",
                "macvtap": "",
                "network_id": "e001be21-20cc-47df-a583-2ada28086799",
                "network_name": "home-core-net",
                "passthrough": "",
                "vepa": "",
                "wait_for_lease": true
              }
            ],
            "nvram": [],
            "qemu_agent": false,
            "running": true,
            "timeouts": null,
            "vcpu": 8,
            "video": [],
            "xml": []
          },
          "depends_on": [
            "libvirt_cloudinit_disk.home-k8s-worker-generic-0-cloudinit",
            "libvirt_network.home-core-net",
            "libvirt_volume.home-k8s-worker-generic-0-disk-system"
          ]
        }
      ]
    },
    {
      "mode": "managed",
      "type": "libvirt_domain",
      "name": "home-k8s-worker-generic-1",
      "provider": "provider.libvirt",
      "instances": [
        {
          "schema_version": 0,
          "attributes": {
            "arch": "x86_64",
            "autostart": false,
            "boot_device": [],
            "cloudinit": "/var/lib/libvirt/images/disk-drives/home-k8s-worker-generic-1-cloudinit.iso;5d8bccc3-033d-a14d-1432-555f8b25225f",
            "cmdline": [],
            "console": [],
            "coreos_ignition": null,
            "cpu": null,
            "disk": [
              {
                "file": "",
                "scsi": false,
                "url": "",
                "volume_id": "/var/lib/libvirt/images/disk-drives/home-k8s-worker-generic-1-disk-system.raw",
                "wwn": ""
              }
            ],
            "emulator": "/usr/bin/qemu-system-x86_64",
            "filesystem": [],
            "firmware": "",
            "fw_cfg_name": "opt/com.coreos/config",
            "graphics": [],
            "id": "d8bf24ac-54af-4b6c-8595-078362623a56",
            "initrd": "",
            "kernel": "",
            "machine": "pc",
            "memory": 10368,
            "metadata": null,
            "name": "home-k8s-worker-generic-1",
            "network_interface": [
              {
                "addresses": [
                  "10.0.240.21"
                ],
                "bridge": "",
                "hostname": "home-k8s-worker-generic-1",
                "mac": "52:54:00:12:35:02",
                "macvtap": "",
                "network_id": "e001be21-20cc-47df-a583-2ada28086799",
                "network_name": "home-core-net",
                "passthrough": "",
                "vepa": "",
                "wait_for_lease": true
              }
            ],
            "nvram": [],
            "qemu_agent": false,
            "running": true,
            "timeouts": null,
            "vcpu": 8,
            "video": [],
            "xml": []
          },
          "depends_on": [
            "libvirt_cloudinit_disk.home-k8s-worker-generic-1-cloudinit",
            "libvirt_network.home-core-net",
            "libvirt_volume.home-k8s-worker-generic-1-disk-system"
          ]
        }
      ]
    },
    {
      "mode": "managed",
      "type": "libvirt_domain",
      "name": "home-k8s-worker-generic-2",
      "provider": "provider.libvirt",
      "instances": [
        {
          "schema_version": 0,
          "attributes": {
            "arch": "x86_64",
            "autostart": false,
            "boot_device": [],
            "cloudinit": "/var/lib/libvirt/images/disk-drives/home-k8s-worker-generic-2-cloudinit.iso;5d8bcbd9-52a3-2b3b-6a28-68505242243c",
            "cmdline": [],
            "console": [],
            "coreos_ignition": null,
            "cpu": null,
            "disk": [
              {
                "file": "",
                "scsi": false,
                "url": "",
                "volume_id": "/var/lib/libvirt/images/disk-drives/home-k8s-worker-generic-2-disk-system.raw",
                "wwn": ""
              }
            ],
            "emulator": "/usr/bin/qemu-system-x86_64",
            "filesystem": [],
            "firmware": "",
            "fw_cfg_name": "opt/com.coreos/config",
            "graphics": [],
            "id": "43e6588a-7095-44a1-8263-481f6b3a29b9",
            "initrd": "",
            "kernel": "",
            "machine": "pc",
            "memory": 10368,
            "metadata": null,
            "name": "home-k8s-worker-generic-2",
            "network_interface": [
              {
                "addresses": [
                  "10.0.240.22"
                ],
                "bridge": "",
                "hostname": "home-k8s-worker-generic-2",
                "mac": "52:54:00:12:35:03",
                "macvtap": "",
                "network_id": "e001be21-20cc-47df-a583-2ada28086799",
                "network_name": "home-core-net",
                "passthrough": "",
                "vepa": "",
                "wait_for_lease": true
              }
            ],
            "nvram": [],
            "qemu_agent": false,
            "running": true,
            "timeouts": null,
            "vcpu": 8,
            "video": [],
            "xml": []
          },
          "depends_on": [
            "libvirt_cloudinit_disk.home-k8s-worker-generic-2-cloudinit",
            "libvirt_network.home-core-net",
            "libvirt_volume.home-k8s-worker-generic-2-disk-system"
          ]
        }
      ]
    },
    {
      "mode": "managed",
      "type": "libvirt_domain",
      "name": "home-k8s-worker-storage-0",
      "provider": "provider.libvirt",
      "instances": [
        {
          "schema_version": 0,
          "attributes": {
            "arch": "x86_64",
            "autostart": false,
            "boot_device": [],
            "cloudinit": "/var/lib/libvirt/images/disk-drives/home-k8s-worker-storage-0-cloudinit.iso;5d8bcd1d-0435-9c51-bc3c-7d3f4b0a77c6",
            "cmdline": [],
            "console": [],
            "coreos_ignition": null,
            "cpu": null,
            "disk": [
              {
                "file": "",
                "scsi": false,
                "url": "",
                "volume_id": "/var/lib/libvirt/images/disk-drives/home-k8s-worker-storage-0-disk-system.raw",
                "wwn": ""
              },
              {
                "file": "",
                "scsi": false,
                "url": "",
                "volume_id": "/var/lib/libvirt/images/disk-drives/home-k8s-worker-storage-0-disk-data.raw",
                "wwn": ""
              }
            ],
            "emulator": "/usr/bin/qemu-system-x86_64",
            "filesystem": [],
            "firmware": "",
            "fw_cfg_name": "opt/com.coreos/config",
            "graphics": [],
            "id": "1390e7b2-a89b-4e40-851a-d56059e7c43b",
            "initrd": "",
            "kernel": "",
            "machine": "pc",
            "memory": 4096,
            "metadata": null,
            "name": "home-k8s-worker-storage-0",
            "network_interface": [
              {
                "addresses": [
                  "10.0.240.30"
                ],
                "bridge": "",
                "hostname": "home-k8s-worker-storage-0",
                "mac": "52:54:00:12:35:04",
                "macvtap": "",
                "network_id": "e001be21-20cc-47df-a583-2ada28086799",
                "network_name": "home-core-net",
                "passthrough": "",
                "vepa": "",
                "wait_for_lease": true
              }
            ],
            "nvram": [],
            "qemu_agent": false,
            "running": true,
            "timeouts": null,
            "vcpu": 4,
            "video": [],
            "xml": []
          },
          "depends_on": [
            "libvirt_cloudinit_disk.home-k8s-worker-storage-0-cloudinit",
            "libvirt_network.home-core-net",
            "libvirt_volume.home-k8s-worker-storage-0-disk-data",
            "libvirt_volume.home-k8s-worker-storage-0-disk-system"
          ]
        }
      ]
    },
    {
      "mode": "managed",
      "type": "libvirt_domain",
      "name": "home-k8s-worker-storage-1",
      "provider": "provider.libvirt",
      "instances": [
        {
          "schema_version": 0,
          "attributes": {
            "arch": "x86_64",
            "autostart": false,
            "boot_device": [],
            "cloudinit": "/var/lib/libvirt/images/disk-drives/home-k8s-worker-storage-1-cloudinit.iso;5d8bcbd9-8a31-b2eb-1795-8796b630162a",
            "cmdline": [],
            "console": [],
            "coreos_ignition": null,
            "cpu": null,
            "disk": [
              {
                "file": "",
                "scsi": false,
                "url": "",
                "volume_id": "/var/lib/libvirt/images/disk-drives/home-k8s-worker-storage-1-disk-system.raw",
                "wwn": ""
              },
              {
                "file": "",
                "scsi": false,
                "url": "",
                "volume_id": "/var/lib/libvirt/images/disk-drives/home-k8s-worker-storage-1-disk-data.raw",
                "wwn": ""
              }
            ],
            "emulator": "/usr/bin/qemu-system-x86_64",
            "filesystem": [],
            "firmware": "",
            "fw_cfg_name": "opt/com.coreos/config",
            "graphics": [],
            "id": "a5e94aab-7d98-44dd-84cb-f1e0ee530c1a",
            "initrd": "",
            "kernel": "",
            "machine": "pc",
            "memory": 4096,
            "metadata": null,
            "name": "home-k8s-worker-storage-1",
            "network_interface": [
              {
                "addresses": [
                  "10.0.240.31"
                ],
                "bridge": "",
                "hostname": "home-k8s-worker-storage-1",
                "mac": "52:54:00:12:35:05",
                "macvtap": "",
                "network_id": "e001be21-20cc-47df-a583-2ada28086799",
                "network_name": "home-core-net",
                "passthrough": "",
                "vepa": "",
                "wait_for_lease": true
              }
            ],
            "nvram": [],
            "qemu_agent": false,
            "running": true,
            "timeouts": null,
            "vcpu": 4,
            "video": [],
            "xml": []
          },
          "depends_on": [
            "libvirt_cloudinit_disk.home-k8s-worker-storage-1-cloudinit",
            "libvirt_network.home-core-net",
            "libvirt_volume.home-k8s-worker-storage-1-disk-data",
            "libvirt_volume.home-k8s-worker-storage-1-disk-system"
          ]
        }
      ]
    },
    {
      "mode": "managed",
      "type": "libvirt_domain",
      "name": "home-k8s-worker-storage-2",
      "provider": "provider.libvirt",
      "instances": [
        {
          "schema_version": 0,
          "attributes": {
            "arch": "x86_64",
            "autostart": false,
            "boot_device": [],
            "cloudinit": "/var/lib/libvirt/images/disk-drives/home-k8s-worker-storage-2-cloudinit.iso;5d8bccc3-7ac9-84ef-feb6-c2cb82f1147f",
            "cmdline": [],
            "console": [],
            "coreos_ignition": null,
            "cpu": null,
            "disk": [
              {
                "file": "",
                "scsi": false,
                "url": "",
                "volume_id": "/var/lib/libvirt/images/disk-drives/home-k8s-worker-storage-2-disk-system.raw",
                "wwn": ""
              },
              {
                "file": "",
                "scsi": false,
                "url": "",
                "volume_id": "/var/lib/libvirt/images/disk-drives/home-k8s-worker-storage-2-disk-data.raw",
                "wwn": ""
              }
            ],
            "emulator": "/usr/bin/qemu-system-x86_64",
            "filesystem": [],
            "firmware": "",
            "fw_cfg_name": "opt/com.coreos/config",
            "graphics": [],
            "id": "7f085bd6-3398-4dd4-badf-929e0d5b81e2",
            "initrd": "",
            "kernel": "",
            "machine": "pc",
            "memory": 4096,
            "metadata": null,
            "name": "home-k8s-worker-storage-2",
            "network_interface": [
              {
                "addresses": [
                  "10.0.240.32"
                ],
                "bridge": "",
                "hostname": "home-k8s-worker-storage-2",
                "mac": "52:54:00:12:35:06",
                "macvtap": "",
                "network_id": "e001be21-20cc-47df-a583-2ada28086799",
                "network_name": "home-core-net",
                "passthrough": "",
                "vepa": "",
                "wait_for_lease": true
              }
            ],
            "nvram": [],
            "qemu_agent": false,
            "running": true,
            "timeouts": null,
            "vcpu": 4,
            "video": [],
            "xml": []
          },
          "depends_on": [
            "libvirt_cloudinit_disk.home-k8s-worker-storage-2-cloudinit",
            "libvirt_network.home-core-net",
            "libvirt_volume.home-k8s-worker-storage-2-disk-data",
            "libvirt_volume.home-k8s-worker-storage-2-disk-system"
          ]
        }
      ]
    },
    {
      "mode": "managed",
      "type": "libvirt_domain",
      "name": "home-lb-dns-0",
      "provider": "provider.libvirt",
      "instances": [
        {
          "schema_version": 0,
          "attributes": {
            "arch": "x86_64",
            "autostart": true,
            "boot_device": [],
            "cloudinit": "/var/lib/libvirt/images/disk-drives/home-lb-dns-0-cloudinit.iso;5d8bcbd9-0d8d-7e82-b7e9-33a28ded75b8",
            "cmdline": [],
            "console": [],
            "coreos_ignition": null,
            "cpu": null,
            "disk": [
              {
                "file": "",
                "scsi": false,
                "url": "",
                "volume_id": "/var/lib/libvirt/images/disk-drives/home-lb-dns-0-disk-system.raw",
                "wwn": ""
              }
            ],
            "emulator": "/usr/bin/qemu-system-x86_64",
            "filesystem": [],
            "firmware": "",
            "fw_cfg_name": "opt/com.coreos/config",
            "graphics": [],
            "id": "fa0958a0-b96c-42e7-b6c2-f5d2793bfdf8",
            "initrd": "",
            "kernel": "",
            "machine": "pc",
            "memory": 1056,
            "metadata": null,
            "name": "home-lb-dns-0",
            "network_interface": [
              {
                "addresses": [
                  "10.0.0.10"
                ],
                "bridge": "",
                "hostname": "home-lb-dns-0",
                "mac": "52:54:00:12:36:01",
                "macvtap": "",
                "network_id": "e001be21-20cc-47df-a583-2ada28086799",
                "network_name": "home-core-net",
                "passthrough": "",
                "vepa": "",
                "wait_for_lease": true
              }
            ],
            "nvram": [],
            "qemu_agent": false,
            "running": true,
            "timeouts": null,
            "vcpu": 1,
            "video": [],
            "xml": []
          },
          "depends_on": [
            "libvirt_cloudinit_disk.home-lb-dns-0-cloudinit",
            "libvirt_network.home-core-net",
            "libvirt_volume.home-lb-dns-0-disk-system"
          ]
        }
      ]
    },
    {
      "mode": "managed",
      "type": "libvirt_domain",
      "name": "home-mirror-0",
      "provider": "provider.libvirt",
      "instances": [
        {
          "schema_version": 0,
          "attributes": {
            "arch": "x86_64",
            "autostart": false,
            "boot_device": [],
            "cloudinit": "/var/lib/libvirt/images/disk-drives/home-mirror-0-cloudinit.iso;5d8bcbd9-e99b-b7aa-f58d-f81accd51e41",
            "cmdline": [],
            "console": [],
            "coreos_ignition": null,
            "cpu": null,
            "disk": [
              {
                "file": "",
                "scsi": false,
                "url": "",
                "volume_id": "/var/lib/libvirt/images/disk-drives/home-mirror-0-disk-system.raw",
                "wwn": ""
              }
            ],
            "emulator": "/usr/bin/qemu-system-x86_64",
            "filesystem": [],
            "firmware": "",
            "fw_cfg_name": "opt/com.coreos/config",
            "graphics": [],
            "id": "b8e9b0a3-fd2f-4f74-910b-eb501250022f",
            "initrd": "",
            "kernel": "",
            "machine": "pc",
            "memory": 1056,
            "metadata": null,
            "name": "home-mirror-0",
            "network_interface": [
              {
                "addresses": [
                  "10.0.0.20"
                ],
                "bridge": "",
                "hostname": "home-mirror-0",
                "mac": "52:54:00:12:36:02",
                "macvtap": "",
                "network_id": "e001be21-20cc-47df-a583-2ada28086799",
                "network_name": "home-core-net",
                "passthrough": "",
                "vepa": "",
                "wait_for_lease": true
              }
            ],
            "nvram": [],
            "qemu_agent": false,
            "running": true,
            "timeouts": null,
            "vcpu": 1,
            "video": [],
            "xml": []
          },
          "depends_on": [
            "libvirt_cloudinit_disk.home-mirror-0-cloudinit",
            "libvirt_network.home-core-net",
            "libvirt_volume.home-mirror-0-disk-system"
          ]
        }
      ]
    },
    {
      "mode": "managed",
      "type": "libvirt_domain",
      "name": "home-registry-0",
      "provider": "provider.libvirt",
      "instances": [
        {
          "schema_version": 0,
          "attributes": {
            "arch": "x86_64",
            "autostart": false,
            "boot_device": [],
            "cloudinit": "/var/lib/libvirt/images/disk-drives/home-registry-0-cloudinit.iso;5d8bcc7a-9155-cac0-2227-6dc6a5a5950c",
            "cmdline": [],
            "console": [],
            "coreos_ignition": null,
            "cpu": null,
            "disk": [
              {
                "file": "",
                "scsi": false,
                "url": "",
                "volume_id": "/var/lib/libvirt/images/disk-drives/home-registry-0-disk-system.raw",
                "wwn": ""
              }
            ],
            "emulator": "/usr/bin/qemu-system-x86_64",
            "filesystem": [],
            "firmware": "",
            "fw_cfg_name": "opt/com.coreos/config",
            "graphics": [],
            "id": "66c2d045-a591-47b9-b826-dfe3f332336a",
            "initrd": "",
            "kernel": "",
            "machine": "pc",
            "memory": 1056,
            "metadata": null,
            "name": "home-registry-0",
            "network_interface": [
              {
                "addresses": [
                  "10.0.0.30"
                ],
                "bridge": "",
                "hostname": "home-registry-0",
                "mac": "52:54:00:12:36:03",
                "macvtap": "",
                "network_id": "e001be21-20cc-47df-a583-2ada28086799",
                "network_name": "home-core-net",
                "passthrough": "",
                "vepa": "",
                "wait_for_lease": true
              }
            ],
            "nvram": [],
            "qemu_agent": false,
            "running": true,
            "timeouts": null,
            "vcpu": 1,
            "video": [],
            "xml": []
          },
          "depends_on": [
            "libvirt_cloudinit_disk.home-registry-0-cloudinit",
            "libvirt_network.home-core-net",
            "libvirt_volume.home-registry-0-disk-system"
          ]
        }
      ]
    },
    {
      "mode": "managed",
      "type": "libvirt_network",
      "name": "home-core-net",
      "provider": "provider.libvirt",
      "instances": [
        {
          "schema_version": 0,
          "attributes": {
            "addresses": [
              "10.0.0.0/16"
            ],
            "autostart": true,
            "bridge": "virbr1",
            "dhcp": [
              {
                "enabled": true
              }
            ],
            "dns": [
              {
                "enabled": true,
                "forwarders": [
                  {
                    "address": "10.0.0.10",
                    "domain": "xn--h1admmf5m.xn--d1aqf"
                  }
                ],
                "hosts": [],
                "local_only": false,
                "srvs": []
              }
            ],
            "domain": null,
            "id": "e001be21-20cc-47df-a583-2ada28086799",
            "mode": "nat",
            "mtu": null,
            "name": "home-core-net",
            "routes": [],
            "xml": []
          }
        }
      ]
    },
    {
      "mode": "managed",
      "type": "libvirt_volume",
      "name": "home-k8s-controller-0-disk-system",
      "provider": "provider.libvirt",
      "instances": [
        {
          "schema_version": 0,
          "attributes": {
            "base_volume_id": null,
            "base_volume_name": null,
            "base_volume_pool": null,
            "format": "raw",
            "id": "/var/lib/libvirt/images/disk-drives/home-k8s-controller-0-disk-system.raw",
            "name": "home-k8s-controller-0-disk-system.raw",
            "pool": "disk-drives",
            "size": 4294967296,
            "source": "/var/lib/libvirt/images/install-media/fedora-cloud-base-30-amd64.raw",
            "xml": []
          }
        }
      ]
    },
    {
      "mode": "managed",
      "type": "libvirt_volume",
      "name": "home-k8s-controller-1-disk-system",
      "provider": "provider.libvirt",
      "instances": [
        {
          "schema_version": 0,
          "attributes": {
            "base_volume_id": null,
            "base_volume_name": null,
            "base_volume_pool": null,
            "format": "raw",
            "id": "/var/lib/libvirt/images/disk-drives/home-k8s-controller-1-disk-system.raw",
            "name": "home-k8s-controller-1-disk-system.raw",
            "pool": "disk-drives",
            "size": 4294967296,
            "source": "/var/lib/libvirt/images/install-media/fedora-cloud-base-30-amd64.raw",
            "xml": []
          }
        }
      ]
    },
    {
      "mode": "managed",
      "type": "libvirt_volume",
      "name": "home-k8s-controller-2-disk-system",
      "provider": "provider.libvirt",
      "instances": [
        {
          "schema_version": 0,
          "attributes": {
            "base_volume_id": null,
            "base_volume_name": null,
            "base_volume_pool": null,
            "format": "raw",
            "id": "/var/lib/libvirt/images/disk-drives/home-k8s-controller-2-disk-system.raw",
            "name": "home-k8s-controller-2-disk-system.raw",
            "pool": "disk-drives",
            "size": 4294967296,
            "source": "/var/lib/libvirt/images/install-media/fedora-cloud-base-30-amd64.raw",
            "xml": []
          }
        }
      ]
    },
    {
      "mode": "managed",
      "type": "libvirt_volume",
      "name": "home-k8s-worker-generic-0-disk-system",
      "provider": "provider.libvirt",
      "instances": [
        {
          "schema_version": 0,
          "attributes": {
            "base_volume_id": null,
            "base_volume_name": null,
            "base_volume_pool": null,
            "format": "raw",
            "id": "/var/lib/libvirt/images/disk-drives/home-k8s-worker-generic-0-disk-system.raw",
            "name": "home-k8s-worker-generic-0-disk-system.raw",
            "pool": "disk-drives",
            "size": 4294967296,
            "source": "/var/lib/libvirt/images/install-media/fedora-cloud-base-30-amd64.raw",
            "xml": []
          }
        }
      ]
    },
    {
      "mode": "managed",
      "type": "libvirt_volume",
      "name": "home-k8s-worker-generic-1-disk-system",
      "provider": "provider.libvirt",
      "instances": [
        {
          "schema_version": 0,
          "attributes": {
            "base_volume_id": null,
            "base_volume_name": null,
            "base_volume_pool": null,
            "format": "raw",
            "id": "/var/lib/libvirt/images/disk-drives/home-k8s-worker-generic-1-disk-system.raw",
            "name": "home-k8s-worker-generic-1-disk-system.raw",
            "pool": "disk-drives",
            "size": 4294967296,
            "source": "/var/lib/libvirt/images/install-media/fedora-cloud-base-30-amd64.raw",
            "xml": []
          }
        }
      ]
    },
    {
      "mode": "managed",
      "type": "libvirt_volume",
      "name": "home-k8s-worker-generic-2-disk-system",
      "provider": "provider.libvirt",
      "instances": [
        {
          "schema_version": 0,
          "attributes": {
            "base_volume_id": null,
            "base_volume_name": null,
            "base_volume_pool": null,
            "format": "raw",
            "id": "/var/lib/libvirt/images/disk-drives/home-k8s-worker-generic-2-disk-system.raw",
            "name": "home-k8s-worker-generic-2-disk-system.raw",
            "pool": "disk-drives",
            "size": 4294967296,
            "source": "/var/lib/libvirt/images/install-media/fedora-cloud-base-30-amd64.raw",
            "xml": []
          }
        }
      ]
    },
    {
      "mode": "managed",
      "type": "libvirt_volume",
      "name": "home-k8s-worker-storage-0-disk-data",
      "provider": "provider.libvirt",
      "instances": [
        {
          "schema_version": 0,
          "attributes": {
            "base_volume_id": null,
            "base_volume_name": null,
            "base_volume_pool": null,
            "format": "raw",
            "id": "/var/lib/libvirt/images/disk-drives/home-k8s-worker-storage-0-disk-data.raw",
            "name": "home-k8s-worker-storage-0-disk-data.raw",
            "pool": "disk-drives",
            "size": 53687091200,
            "source": null,
            "xml": []
          }
        }
      ]
    },
    {
      "mode": "managed",
      "type": "libvirt_volume",
      "name": "home-k8s-worker-storage-0-disk-system",
      "provider": "provider.libvirt",
      "instances": [
        {
          "schema_version": 0,
          "attributes": {
            "base_volume_id": null,
            "base_volume_name": null,
            "base_volume_pool": null,
            "format": "raw",
            "id": "/var/lib/libvirt/images/disk-drives/home-k8s-worker-storage-0-disk-system.raw",
            "name": "home-k8s-worker-storage-0-disk-system.raw",
            "pool": "disk-drives",
            "size": 4294967296,
            "source": "/var/lib/libvirt/images/install-media/fedora-cloud-base-30-amd64.raw",
            "xml": []
          }
        }
      ]
    },
    {
      "mode": "managed",
      "type": "libvirt_volume",
      "name": "home-k8s-worker-storage-1-disk-data",
      "provider": "provider.libvirt",
      "instances": [
        {
          "schema_version": 0,
          "attributes": {
            "base_volume_id": null,
            "base_volume_name": null,
            "base_volume_pool": null,
            "format": "raw",
            "id": "/var/lib/libvirt/images/disk-drives/home-k8s-worker-storage-1-disk-data.raw",
            "name": "home-k8s-worker-storage-1-disk-data.raw",
            "pool": "disk-drives",
            "size": 53687091200,
            "source": null,
            "xml": []
          }
        }
      ]
    },
    {
      "mode": "managed",
      "type": "libvirt_volume",
      "name": "home-k8s-worker-storage-1-disk-system",
      "provider": "provider.libvirt",
      "instances": [
        {
          "schema_version": 0,
          "attributes": {
            "base_volume_id": null,
            "base_volume_name": null,
            "base_volume_pool": null,
            "format": "raw",
            "id": "/var/lib/libvirt/images/disk-drives/home-k8s-worker-storage-1-disk-system.raw",
            "name": "home-k8s-worker-storage-1-disk-system.raw",
            "pool": "disk-drives",
            "size": 4294967296,
            "source": "/var/lib/libvirt/images/install-media/fedora-cloud-base-30-amd64.raw",
            "xml": []
          }
        }
      ]
    },
    {
      "mode": "managed",
      "type": "libvirt_volume",
      "name": "home-k8s-worker-storage-2-disk-data",
      "provider": "provider.libvirt",
      "instances": [
        {
          "schema_version": 0,
          "attributes": {
            "base_volume_id": null,
            "base_volume_name": null,
            "base_volume_pool": null,
            "format": "raw",
            "id": "/var/lib/libvirt/images/disk-drives/home-k8s-worker-storage-2-disk-data.raw",
            "name": "home-k8s-worker-storage-2-disk-data.raw",
            "pool": "disk-drives",
            "size": 53687091200,
            "source": null,
            "xml": []
          }
        }
      ]
    },
    {
      "mode": "managed",
      "type": "libvirt_volume",
      "name": "home-k8s-worker-storage-2-disk-system",
      "provider": "provider.libvirt",
      "instances": [
        {
          "schema_version": 0,
          "attributes": {
            "base_volume_id": null,
            "base_volume_name": null,
            "base_volume_pool": null,
            "format": "raw",
            "id": "/var/lib/libvirt/images/disk-drives/home-k8s-worker-storage-2-disk-system.raw",
            "name": "home-k8s-worker-storage-2-disk-system.raw",
            "pool": "disk-drives",
            "size": 4294967296,
            "source": "/var/lib/libvirt/images/install-media/fedora-cloud-base-30-amd64.raw",
            "xml": []
          }
        }
      ]
    },
    {
      "mode": "managed",
      "type": "libvirt_volume",
      "name": "home-lb-dns-0-disk-system",
      "provider": "provider.libvirt",
      "instances": [
        {
          "schema_version": 0,
          "attributes": {
            "base_volume_id": null,
            "base_volume_name": null,
            "base_volume_pool": null,
            "format": "raw",
            "id": "/var/lib/libvirt/images/disk-drives/home-lb-dns-0-disk-system.raw",
            "name": "home-lb-dns-0-disk-system.raw",
            "pool": "disk-drives",
            "size": 4294967296,
            "source": "/var/lib/libvirt/images/install-media/fedora-cloud-base-30-amd64.raw",
            "xml": []
          }
        }
      ]
    },
    {
      "mode": "managed",
      "type": "libvirt_volume",
      "name": "home-mirror-0-disk-system",
      "provider": "provider.libvirt",
      "instances": [
        {
          "schema_version": 0,
          "attributes": {
            "base_volume_id": null,
            "base_volume_name": null,
            "base_volume_pool": null,
            "format": "raw",
            "id": "/var/lib/libvirt/images/disk-drives/home-mirror-0-disk-system.raw",
            "name": "home-mirror-0-disk-system.raw",
            "pool": "disk-drives",
            "size": 4294967296,
            "source": "/var/lib/libvirt/images/install-media/fedora-cloud-base-30-amd64.raw",
            "xml": []
          }
        }
      ]
    },
    {
      "mode": "managed",
      "type": "libvirt_volume",
      "name": "home-registry-0-disk-system",
      "provider": "provider.libvirt",
      "instances": [
        {
          "schema_version": 0,
          "attributes": {
            "base_volume_id": null,
            "base_volume_name": null,
            "base_volume_pool": null,
            "format": "raw",
            "id": "/var/lib/libvirt/images/disk-drives/home-registry-0-disk-system.raw",
            "name": "home-registry-0-disk-system.raw",
            "pool": "disk-drives",
            "size": 4294967296,
            "source": "/var/lib/libvirt/images/install-media/fedora-cloud-base-30-amd64.raw",
            "xml": []
          }
        }
      ]
    }
  ]
}
